
Microsoft Visual Studio Solution File, Format Version 12.00
# Visual Studio Version 18
VisualStudioVersion = 18.4.11626.88
MinimumVisualStudioVersion = 15.0.26124.0
Project("{FAE04EC0-301F-11D3-BF4B-00C04F79EFBC}") = "AllDemoLauncher", "AllDemoLauncher\AllDemoLauncher.csproj", "{55373024-3DC2-4C15-93F1-B9F4847ADFC0}"
EndProject
Project("{FAE04EC0-301F-11D3-BF4B-00C04F79EFBC}") = "Bloom_Example", "Bloom_Example\Bloom_Example.csproj", "{2587A6CE-89F4-0FBE-A308-AA07B770C236}"
EndProject
Project("{FAE04EC0-301F-11D3-BF4B-00C04F79EFBC}") = "Blur_Example", "Blur_Example\Blur_Example.csproj", "{D5F31B5B-68AA-A270-971F-8291A7FFFE21}"
EndProject
Project("{FAE04EC0-301F-11D3-BF4B-00C04F79EFBC}") = "ColourEffects_Example", "ColourEffects_Example\ColourEffects_Example.csproj", "{2323AD6B-6EE8-FAE9-D550-553E2942553A}"
EndProject
Project("{FAE04EC0-301F-11D3-BF4B-00C04F79EFBC}") = "Copy_Example", "Copy_Example\Copy_Example.csproj", "{5A19DE69-2136-8349-9A77-476B76250DD4}"
EndProject
Project("{FAE04EC0-301F-11D3-BF4B-00C04F79EFBC}") = "CustomShader_Example", "CustomShader_Example\CustomShader_Example.csproj", "{F135FC69-82D7-21E6-AEAC-DC4EA1CB4300}"
EndProject
Project("{FAE04EC0-301F-11D3-BF4B-00C04F79EFBC}") = "CustomVeldrid_ComputeShaderExample", "CustomVeldrid_ComputeShaderExample\CustomVeldrid_ComputeShaderExample.csproj", "{3F7D25FD-BE2E-8E70-DAEA-ED10EACE60D4}"
EndProject
Project("{FAE04EC0-301F-11D3-BF4B-00C04F79EFBC}") = "Distortion_ExampleUsingHelperFunctions", "Distortion_ExampleUsingHelperFunctions\Distortion_ExampleUsingHelperFunctions.csproj", "{CE7521EF-39C0-2D83-BBA4-657DBA7FC500}"
EndProject
Project("{FAE04EC0-301F-11D3-BF4B-00C04F79EFBC}") = "Distortion_ManualTextureCreation", "Distortion_ManualTextureCreation\Distortion_ManualTextureCreation.csproj", "{6935BF68-22A2-B385-907B-9CEF0AFC84C3}"
EndProject
Project("{FAE04EC0-301F-11D3-BF4B-00C04F79EFBC}") = "Draw_BasicPolygonHelperFunctions", "Draw_BasicPolygonHelperFunctions\Draw_BasicPolygonHelperFunctions.csproj", "{9EC9D0CD-CBCD-E262-ACA6-2065E3AA0FC3}"
EndProject
Project("{FAE04EC0-301F-11D3-BF4B-00C04F79EFBC}") = "Draw_Camera2DWorldAndScreen", "Draw_Camera2DWorldAndScreen\Draw_Camera2DWorldAndScreen.csproj", "{69626EB6-822D-EF74-8C19-E43BCEF1422C}"
EndProject
Project("{FAE04EC0-301F-11D3-BF4B-00C04F79EFBC}") = "Draw_FluentInterfaceDrawingHelper", "Draw_FluentInterfaceDrawingHelper\Draw_FluentInterfaceDrawingHelper.csproj", "{8409F387-A019-4F0A-EBA6-854AF15FD6C0}"
EndProject
Project("{FAE04EC0-301F-11D3-BF4B-00C04F79EFBC}") = "Draw_FontExample", "Draw_FontExample\Draw_FontExample.csproj", "{AEC673A2-4F7F-EE31-8C8E-07C60A5D26A2}"
EndProject
Project("{FAE04EC0-301F-11D3-BF4B-00C04F79EFBC}") = "Draw_ImageFileFormats", "Draw_ImageFileFormats\Draw_ImageFileFormats.csproj", "{EB5395A5-FD68-B65D-F015-2DE55F312673}"
EndProject
Project("{FAE04EC0-301F-11D3-BF4B-00C04F79EFBC}") = "Draw_PersistentDrawQueue", "Draw_PersistentDrawQueue\Draw_PersistentDrawQueue.csproj", "{45588ED9-E224-7508-C660-CF39689ADBE4}"
EndProject
Project("{FAE04EC0-301F-11D3-BF4B-00C04F79EFBC}") = "Draw_PolygonsFromVertices", "Draw_PolygonsFromVertices\Draw_PolygonsFromVertices.csproj", "{07F6752D-6817-4661-A186-6B94C23D4456}"
EndProject
Project("{FAE04EC0-301F-11D3-BF4B-00C04F79EFBC}") = "Draw_SplitScreenExample", "Draw_SplitScreenExample\Draw_SplitScreenExample.csproj", "{4FEF90EF-5659-1F2D-727A-6CD5904CC993}"
EndProject
Project("{FAE04EC0-301F-11D3-BF4B-00C04F79EFBC}") = "DrawingAndEffects_PrerenderingTexturesForUseLater", "DrawingAndEffects_PrerenderingTexturesForUseLater\DrawingAndEffects_PrerenderingTexturesForUseLater.csproj", "{3708A7AC-1A66-E1E3-8BCF-CEBCAE4C29F3}"
EndProject
Project("{FAE04EC0-301F-11D3-BF4B-00C04F79EFBC}") = "FrameworkItems_CreationAndDestruction", "FrameworkItems_CreationAndDestruction\FrameworkItems_CreationAndDestruction.csproj", "{D8F65924-40B4-E84B-4196-F319D8C8C23B}"
EndProject
Project("{FAE04EC0-301F-11D3-BF4B-00C04F79EFBC}") = "GpuToCpu_SurfaceCopyFloat32", "GpuToCpu_SurfaceCopyFloat32\GpuToCpu_SurfaceCopyFloat32.csproj", "{332218BC-01E8-6FE7-A759-850CFFAF42AC}"
EndProject
Project("{FAE04EC0-301F-11D3-BF4B-00C04F79EFBC}") = "GpuToCpu_SurfaceCopyRGBA", "GpuToCpu_SurfaceCopyRGBA\GpuToCpu_SurfaceCopyRGBA.csproj", "{D20BA702-4C30-1C7C-2455-F88B591147D8}"
EndProject
Project("{FAE04EC0-301F-11D3-BF4B-00C04F79EFBC}") = "Helper_CoordinateTranforms", "Helper_CoordinateTranforms\Helper_CoordinateTranforms.csproj", "{F3BF41A7-3464-2712-185D-7F2E1BAABDBC}"
EndProject
Project("{FAE04EC0-301F-11D3-BF4B-00C04F79EFBC}") = "Input_GamepadUsage", "Input_GamepadUsage\Input_GamepadUsage.csproj", "{F68A1871-095E-5A08-C270-19A98F607C4E}"
EndProject
Project("{FAE04EC0-301F-11D3-BF4B-00C04F79EFBC}") = "Input_MouseAndKeyboardUsage", "Input_MouseAndKeyboardUsage\Input_MouseAndKeyboardUsage.csproj", "{681FBA99-6229-5016-CDAE-5D7955C6AA4E}"
EndProject
Project("{FAE04EC0-301F-11D3-BF4B-00C04F79EFBC}") = "Mesh_HelperExamples", "Mesh_HelperExamples\Mesh_HelperExamples.csproj", "{A5AAA8C9-C1F1-E37E-0D6D-9EF72CD8C4FC}"
EndProject
Project("{FAE04EC0-301F-11D3-BF4B-00C04F79EFBC}") = "Mesh_ManualChangingMesh", "Mesh_ManualChangingMesh\Mesh_ManualChangingMesh.csproj", "{4DACFCFF-DCCD-33A7-B90E-7C6158EED345}"
EndProject
Project("{FAE04EC0-301F-11D3-BF4B-00C04F79EFBC}") = "Mesh_ManualMeshSimple", "Mesh_ManualMeshSimple\Mesh_ManualMeshSimple.csproj", "{B04B813A-AB1B-AC28-C104-3F17807952BA}"
EndProject
Project("{FAE04EC0-301F-11D3-BF4B-00C04F79EFBC}") = "Mix_SimpleWholeTextureMixingWithFactors", "Mix_SimpleWholeTextureMixingWithFactors\Mix_SimpleWholeTextureMixingWithFactors.csproj", "{ABA8C1E8-5A35-B9AF-04FD-972677EEEEB1}"
EndProject
Project("{FAE04EC0-301F-11D3-BF4B-00C04F79EFBC}") = "Mix_UsingATextureForPerPixelMixing", "Mix_UsingATextureForPerPixelMixing\Mix_UsingATextureForPerPixelMixing.csproj", "{D631AD64-9CDD-9749-4DBC-EDAF5F7823C6}"
EndProject
Project("{FAE04EC0-301F-11D3-BF4B-00C04F79EFBC}") = "SampleBase", "SampleBase\SampleBase.csproj", "{B6458273-6C66-BC0F-626E-A660CC96CE5F}"
EndProject
Project("{FAE04EC0-301F-11D3-BF4B-00C04F79EFBC}") = "StyleEffects_CRT", "StyleEffects_CRT\StyleEffects_CRT.csproj", "{784F5898-7D9B-3594-0FD4-73CBD15358EE}"
EndProject
Project("{FAE04EC0-301F-11D3-BF4B-00C04F79EFBC}") = "StyleEffects_EdgeDetection", "StyleEffects_EdgeDetection\StyleEffects_EdgeDetection.csproj", "{AF188245-2252-8914-7045-EF2DBC40BF7C}"
EndProject
Project("{FAE04EC0-301F-11D3-BF4B-00C04F79EFBC}") = "StyleEffects_OldMovie", "StyleEffects_OldMovie\StyleEffects_OldMovie.csproj", "{153667B0-0B99-AD91-2F7A-4E820C3B607F}"
EndProject
Project("{FAE04EC0-301F-11D3-BF4B-00C04F79EFBC}") = "StyleEffects_Pixellate", "StyleEffects_Pixellate\StyleEffects_Pixellate.csproj", "{D7451C17-9965-6F09-7070-955401A2F20E}"
EndProject
Project("{FAE04EC0-301F-11D3-BF4B-00C04F79EFBC}") = "StyleEffects_Static", "StyleEffects_Static\StyleEffects_Static.csproj", "{98AFD4F0-CBBF-9230-9469-38C3947A2EC3}"
EndProject
Project("{FAE04EC0-301F-11D3-BF4B-00C04F79EFBC}") = "StyleEffects_UsingConfigurationHelpers", "StyleEffects_UsingConfigurationHelpers\StyleEffects_UsingConfigurationHelpers.csproj", "{31DCD4FD-043B-E9AB-9337-3BB81E824EC6}"
EndProject
Project("{FAE04EC0-301F-11D3-BF4B-00C04F79EFBC}") = "Surfaces_CreateTextureFromDataRGBA", "Surfaces_CreateTextureFromDataRGBA\Surfaces_CreateTextureFromDataRGBA.csproj", "{3FC850C3-38DD-06A9-F705-B1306198ED87}"
EndProject
Project("{FAE04EC0-301F-11D3-BF4B-00C04F79EFBC}") = "Window_ChangingWindowProperties", "Window_ChangingWindowProperties\Window_ChangingWindowProperties.csproj", "{2FE101B0-0818-68F9-83BA-8E27C85245A5}"
EndProject
Global
	GlobalSection(SolutionConfigurationPlatforms) = preSolution
		Debug|Any CPU = Debug|Any CPU
		Debug|x64 = Debug|x64
		Debug|x86 = Debug|x86
		Release|Any CPU = Release|Any CPU
		Release|x64 = Release|x64
		Release|x86 = Release|x86
	EndGlobalSection
	GlobalSection(ProjectConfigurationPlatforms) = postSolution
		{55373024-3DC2-4C15-93F1-B9F4847ADFC0}.Debug|Any CPU.ActiveCfg = Debug|Any CPU
		{55373024-3DC2-4C15-93F1-B9F4847ADFC0}.Debug|Any CPU.Build.0 = Debug|Any CPU
		{55373024-3DC2-4C15-93F1-B9F4847ADFC0}.Debug|x64.ActiveCfg = Debug|Any CPU
		{55373024-3DC2-4C15-93F1-B9F4847ADFC0}.Debug|x64.Build.0 = Debug|Any CPU
		{55373024-3DC2-4C15-93F1-B9F4847ADFC0}.Debug|x86.ActiveCfg = Debug|Any CPU
		{55373024-3DC2-4C15-93F1-B9F4847ADFC0}.Debug|x86.Build.0 = Debug|Any CPU
		{55373024-3DC2-4C15-93F1-B9F4847ADFC0}.Release|Any CPU.ActiveCfg = Release|Any CPU
		{55373024-3DC2-4C15-93F1-B9F4847ADFC0}.Release|Any CPU.Build.0 = Release|Any CPU
		{55373024-3DC2-4C15-93F1-B9F4847ADFC0}.Release|x64.ActiveCfg = Release|Any CPU
		{55373024-3DC2-4C15-93F1-B9F4847ADFC0}.Release|x64.Build.0 = Release|Any CPU
		{55373024-3DC2-4C15-93F1-B9F4847ADFC0}.Release|x86.ActiveCfg = Release|Any CPU
		{55373024-3DC2-4C15-93F1-B9F4847ADFC0}.Release|x86.Build.0 = Release|Any CPU
		{2587A6CE-89F4-0FBE-A308-AA07B770C236}.Debug|Any CPU.ActiveCfg = Debug|Any CPU
		{2587A6CE-89F4-0FBE-A308-AA07B770C236}.Debug|Any CPU.Build.0 = Debug|Any CPU
		{2587A6CE-89F4-0FBE-A308-AA07B770C236}.Debug|x64.ActiveCfg = Debug|Any CPU
		{2587A6CE-89F4-0FBE-A308-AA07B770C236}.Debug|x64.Build.0 = Debug|Any CPU
		{2587A6CE-89F4-0FBE-A308-AA07B770C236}.Debug|x86.ActiveCfg = Debug|Any CPU
		{2587A6CE-89F4-0FBE-A308-AA07B770C236}.Debug|x86.Build.0 = Debug|Any CPU
		{2587A6CE-89F4-0FBE-A308-AA07B770C236}.Release|Any CPU.ActiveCfg = Release|Any CPU
		{2587A6CE-89F4-0FBE-A308-AA07B770C236}.Release|Any CPU.Build.0 = Release|Any CPU
		{2587A6CE-89F4-0FBE-A308-AA07B770C236}.Release|x64.ActiveCfg = Release|Any CPU
		{2587A6CE-89F4-0FBE-A308-AA07B770C236}.Release|x64.Build.0 = Release|Any CPU
		{2587A6CE-89F4-0FBE-A308-AA07B770C236}.Release|x86.ActiveCfg = Release|Any CPU
		{2587A6CE-89F4-0FBE-A308-AA07B770C236}.Release|x86.Build.0 = Release|Any CPU
		{D5F31B5B-68AA-A270-971F-8291A7FFFE21}.Debug|Any CPU.ActiveCfg = Debug|Any CPU
		{D5F31B5B-68AA-A270-971F-8291A7FFFE21}.Debug|Any CPU.Build.0 = Debug|Any CPU
		{D5F31B5B-68AA-A270-971F-8291A7FFFE21}.Debug|x64.ActiveCfg = Debug|Any CPU
		{D5F31B5B-68AA-A270-971F-8291A7FFFE21}.Debug|x64.Build.0 = Debug|Any CPU
		{D5F31B5B-68AA-A270-971F-8291A7FFFE21}.Debug|x86.ActiveCfg = Debug|Any CPU
		{D5F31B5B-68AA-A270-971F-8291A7FFFE21}.Debug|x86.Build.0 = Debug|Any CPU
		{D5F31B5B-68AA-A270-971F-8291A7FFFE21}.Release|Any CPU.ActiveCfg = Release|Any CPU
		{D5F31B5B-68AA-A270-971F-8291A7FFFE21}.Release|Any CPU.Build.0 = Release|Any CPU
		{D5F31B5B-68AA-A270-971F-8291A7FFFE21}.Release|x64.ActiveCfg = Release|Any CPU
		{D5F31B5B-68AA-A270-971F-8291A7FFFE21}.Release|x64.Build.0 = Release|Any CPU
		{D5F31B5B-68AA-A270-971F-8291A7FFFE21}.Release|x86.ActiveCfg = Release|Any CPU
		{D5F31B5B-68AA-A270-971F-8291A7FFFE21}.Release|x86.Build.0 = Release|Any CPU
		{2323AD6B-6EE8-FAE9-D550-553E2942553A}.Debug|Any CPU.ActiveCfg = Debug|Any CPU
		{2323AD6B-6EE8-FAE9-D550-553E2942553A}.Debug|Any CPU.Build.0 = Debug|Any CPU
		{2323AD6B-6EE8-FAE9-D550-553E2942553A}.Debug|x64.ActiveCfg = Debug|Any CPU
		{2323AD6B-6EE8-FAE9-D550-553E2942553A}.Debug|x64.Build.0 = Debug|Any CPU
		{2323AD6B-6EE8-FAE9-D550-553E2942553A}.Debug|x86.ActiveCfg = Debug|Any CPU
		{2323AD6B-6EE8-FAE9-D550-553E2942553A}.Debug|x86.Build.0 = Debug|Any CPU
		{2323AD6B-6EE8-FAE9-D550-553E2942553A}.Release|Any CPU.ActiveCfg = Release|Any CPU
		{2323AD6B-6EE8-FAE9-D550-553E2942553A}.Release|Any CPU.Build.0 = Release|Any CPU
		{2323AD6B-6EE8-FAE9-D550-553E2942553A}.Release|x64.ActiveCfg = Release|Any CPU
		{2323AD6B-6EE8-FAE9-D550-553E2942553A}.Release|x64.Build.0 = Release|Any CPU
		{2323AD6B-6EE8-FAE9-D550-553E2942553A}.Release|x86.ActiveCfg = Release|Any CPU
		{2323AD6B-6EE8-FAE9-D550-553E2942553A}.Release|x86.Build.0 = Release|Any CPU
		{5A19DE69-2136-8349-9A77-476B76250DD4}.Debug|Any CPU.ActiveCfg = Debug|Any CPU
		{5A19DE69-2136-8349-9A77-476B76250DD4}.Debug|Any CPU.Build.0 = Debug|Any CPU
		{5A19DE69-2136-8349-9A77-476B76250DD4}.Debug|x64.ActiveCfg = Debug|Any CPU
		{5A19DE69-2136-8349-9A77-476B76250DD4}.Debug|x64.Build.0 = Debug|Any CPU
		{5A19DE69-2136-8349-9A77-476B76250DD4}.Debug|x86.ActiveCfg = Debug|Any CPU
		{5A19DE69-2136-8349-9A77-476B76250DD4}.Debug|x86.Build.0 = Debug|Any CPU
		{5A19DE69-2136-8349-9A77-476B76250DD4}.Release|Any CPU.ActiveCfg = Release|Any CPU
		{5A19DE69-2136-8349-9A77-476B76250DD4}.Release|Any CPU.Build.0 = Release|Any CPU
		{5A19DE69-2136-8349-9A77-476B76250DD4}.Release|x64.ActiveCfg = Release|Any CPU
		{5A19DE69-2136-8349-9A77-476B76250DD4}.Release|x64.Build.0 = Release|Any CPU
		{5A19DE69-2136-8349-9A77-476B76250DD4}.Release|x86.ActiveCfg = Release|Any CPU
		{5A19DE69-2136-8349-9A77-476B76250DD4}.Release|x86.Build.0 = Release|Any CPU
		{F135FC69-82D7-21E6-AEAC-DC4EA1CB4300}.Debug|Any CPU.ActiveCfg = Debug|Any CPU
		{F135FC69-82D7-21E6-AEAC-DC4EA1CB4300}.Debug|Any CPU.Build.0 = Debug|Any CPU
		{F135FC69-82D7-21E6-AEAC-DC4EA1CB4300}.Debug|x64.ActiveCfg = Debug|Any CPU
		{F135FC69-82D7-21E6-AEAC-DC4EA1CB4300}.Debug|x64.Build.0 = Debug|Any CPU
		{F135FC69-82D7-21E6-AEAC-DC4EA1CB4300}.Debug|x86.ActiveCfg = Debug|Any CPU
		{F135FC69-82D7-21E6-AEAC-DC4EA1CB4300}.Debug|x86.Build.0 = Debug|Any CPU
		{F135FC69-82D7-21E6-AEAC-DC4EA1CB4300}.Release|Any CPU.ActiveCfg = Release|Any CPU
		{F135FC69-82D7-21E6-AEAC-DC4EA1CB4300}.Release|Any CPU.Build.0 = Release|Any CPU
		{F135FC69-82D7-21E6-AEAC-DC4EA1CB4300}.Release|x64.ActiveCfg = Release|Any CPU
		{F135FC69-82D7-21E6-AEAC-DC4EA1CB4300}.Release|x64.Build.0 = Release|Any CPU
		{F135FC69-82D7-21E6-AEAC-DC4EA1CB4300}.Release|x86.ActiveCfg = Release|Any CPU
		{F135FC69-82D7-21E6-AEAC-DC4EA1CB4300}.Release|x86.Build.0 = Release|Any CPU
		{3F7D25FD-BE2E-8E70-DAEA-ED10EACE60D4}.Debug|Any CPU.ActiveCfg = Debug|Any CPU
		{3F7D25FD-BE2E-8E70-DAEA-ED10EACE60D4}.Debug|Any CPU.Build.0 = Debug|Any CPU
		{3F7D25FD-BE2E-8E70-DAEA-ED10EACE60D4}.Debug|x64.ActiveCfg = Debug|Any CPU
		{3F7D25FD-BE2E-8E70-DAEA-ED10EACE60D4}.Debug|x64.Build.0 = Debug|Any CPU
		{3F7D25FD-BE2E-8E70-DAEA-ED10EACE60D4}.Debug|x86.ActiveCfg = Debug|Any CPU
		{3F7D25FD-BE2E-8E70-DAEA-ED10EACE60D4}.Debug|x86.Build.0 = Debug|Any CPU
		{3F7D25FD-BE2E-8E70-DAEA-ED10EACE60D4}.Release|Any CPU.ActiveCfg = Release|Any CPU
		{3F7D25FD-BE2E-8E70-DAEA-ED10EACE60D4}.Release|Any CPU.Build.0 = Release|Any CPU
		{3F7D25FD-BE2E-8E70-DAEA-ED10EACE60D4}.Release|x64.ActiveCfg = Release|Any CPU
		{3F7D25FD-BE2E-8E70-DAEA-ED10EACE60D4}.Release|x64.Build.0 = Release|Any CPU
		{3F7D25FD-BE2E-8E70-DAEA-ED10EACE60D4}.Release|x86.ActiveCfg = Release|Any CPU
		{3F7D25FD-BE2E-8E70-DAEA-ED10EACE60D4}.Release|x86.Build.0 = Release|Any CPU
		{CE7521EF-39C0-2D83-BBA4-657DBA7FC500}.Debug|Any CPU.ActiveCfg = Debug|Any CPU
		{CE7521EF-39C0-2D83-BBA4-657DBA7FC500}.Debug|Any CPU.Build.0 = Debug|Any CPU
		{CE7521EF-39C0-2D83-BBA4-657DBA7FC500}.Debug|x64.ActiveCfg = Debug|Any CPU
		{CE7521EF-39C0-2D83-BBA4-657DBA7FC500}.Debug|x64.Build.0 = Debug|Any CPU
		{CE7521EF-39C0-2D83-BBA4-657DBA7FC500}.Debug|x86.ActiveCfg = Debug|Any CPU
		{CE7521EF-39C0-2D83-BBA4-657DBA7FC500}.Debug|x86.Build.0 = Debug|Any CPU
		{CE7521EF-39C0-2D83-BBA4-657DBA7FC500}.Release|Any CPU.ActiveCfg = Release|Any CPU
		{CE7521EF-39C0-2D83-BBA4-657DBA7FC500}.Release|Any CPU.Build.0 = Release|Any CPU
		{CE7521EF-39C0-2D83-BBA4-657DBA7FC500}.Release|x64.ActiveCfg = Release|Any CPU
		{CE7521EF-39C0-2D83-BBA4-657DBA7FC500}.Release|x64.Build.0 = Release|Any CPU
		{CE7521EF-39C0-2D83-BBA4-657DBA7FC500}.Release|x86.ActiveCfg = Release|Any CPU
		{CE7521EF-39C0-2D83-BBA4-657DBA7FC500}.Release|x86.Build.0 = Release|Any CPU
		{6935BF68-22A2-B385-907B-9CEF0AFC84C3}.Debug|Any CPU.ActiveCfg = Debug|Any CPU
		{6935BF68-22A2-B385-907B-9CEF0AFC84C3}.Debug|Any CPU.Build.0 = Debug|Any CPU
		{6935BF68-22A2-B385-907B-9CEF0AFC84C3}.Debug|x64.ActiveCfg = Debug|Any CPU
		{6935BF68-22A2-B385-907B-9CEF0AFC84C3}.Debug|x64.Build.0 = Debug|Any CPU
		{6935BF68-22A2-B385-907B-9CEF0AFC84C3}.Debug|x86.ActiveCfg = Debug|Any CPU
		{6935BF68-22A2-B385-907B-9CEF0AFC84C3}.Debug|x86.Build.0 = Debug|Any CPU
		{6935BF68-22A2-B385-907B-9CEF0AFC84C3}.Release|Any CPU.ActiveCfg = Release|Any CPU
		{6935BF68-22A2-B385-907B-9CEF0AFC84C3}.Release|Any CPU.Build.0 = Release|Any CPU
		{6935BF68-22A2-B385-907B-9CEF0AFC84C3}.Release|x64.ActiveCfg = Release|Any CPU
		{6935BF68-22A2-B385-907B-9CEF0AFC84C3}.Release|x64.Build.0 = Release|Any CPU
		{6935BF68-22A2-B385-907B-9CEF0AFC84C3}.Release|x86.ActiveCfg = Release|Any CPU
		{6935BF68-22A2-B385-907B-9CEF0AFC84C3}.Release|x86.Build.0 = Release|Any CPU
		{9EC9D0CD-CBCD-E262-ACA6-2065E3AA0FC3}.Debug|Any CPU.ActiveCfg = Debug|Any CPU
		{9EC9D0CD-CBCD-E262-ACA6-2065E3AA0FC3}.Debug|Any CPU.Build.0 = Debug|Any CPU
		{9EC9D0CD-CBCD-E262-ACA6-2065E3AA0FC3}.Debug|x64.ActiveCfg = Debug|Any CPU
		{9EC9D0CD-CBCD-E262-ACA6-2065E3AA0FC3}.Debug|x64.Build.0 = Debug|Any CPU
		{9EC9D0CD-CBCD-E262-ACA6-2065E3AA0FC3}.Debug|x86.ActiveCfg = Debug|Any CPU
		{9EC9D0CD-CBCD-E262-ACA6-2065E3AA0FC3}.Debug|x86.Build.0 = Debug|Any CPU
		{9EC9D0CD-CBCD-E262-ACA6-2065E3AA0FC3}.Release|Any CPU.ActiveCfg = Release|Any CPU
		{9EC9D0CD-CBCD-E262-ACA6-2065E3AA0FC3}.Release|Any CPU.Build.0 = Release|Any CPU
		{9EC9D0CD-CBCD-E262-ACA6-2065E3AA0FC3}.Release|x64.ActiveCfg = Release|Any CPU
		{9EC9D0CD-CBCD-E262-ACA6-2065E3AA0FC3}.Release|x64.Build.0 = Release|Any CPU
		{9EC9D0CD-CBCD-E262-ACA6-2065E3AA0FC3}.Release|x86.ActiveCfg = Release|Any CPU
		{9EC9D0CD-CBCD-E262-ACA6-2065E3AA0FC3}.Release|x86.Build.0 = Release|Any CPU
		{69626EB6-822D-EF74-8C19-E43BCEF1422C}.Debug|Any CPU.ActiveCfg = Debug|Any CPU
		{69626EB6-822D-EF74-8C19-E43BCEF1422C}.Debug|Any CPU.Build.0 = Debug|Any CPU
		{69626EB6-822D-EF74-8C19-E43BCEF1422C}.Debug|x64.ActiveCfg = Debug|Any CPU
		{69626EB6-822D-EF74-8C19-E43BCEF1422C}.Debug|x64.Build.0 = Debug|Any CPU
		{69626EB6-822D-EF74-8C19-E43BCEF1422C}.Debug|x86.ActiveCfg = Debug|Any CPU
		{69626EB6-822D-EF74-8C19-E43BCEF1422C}.Debug|x86.Build.0 = Debug|Any CPU
		{69626EB6-822D-EF74-8C19-E43BCEF1422C}.Release|Any CPU.ActiveCfg = Release|Any CPU
		{69626EB6-822D-EF74-8C19-E43BCEF1422C}.Release|Any CPU.Build.0 = Release|Any CPU
		{69626EB6-822D-EF74-8C19-E43BCEF1422C}.Release|x64.ActiveCfg = Release|Any CPU
		{69626EB6-822D-EF74-8C19-E43BCEF1422C}.Release|x64.Build.0 = Release|Any CPU
		{69626EB6-822D-EF74-8C19-E43BCEF1422C}.Release|x86.ActiveCfg = Release|Any CPU
		{69626EB6-822D-EF74-8C19-E43BCEF1422C}.Release|x86.Build.0 = Release|Any CPU
		{8409F387-A019-4F0A-EBA6-854AF15FD6C0}.Debug|Any CPU.ActiveCfg = Debug|Any CPU
		{8409F387-A019-4F0A-EBA6-854AF15FD6C0}.Debug|Any CPU.Build.0 = Debug|Any CPU
		{8409F387-A019-4F0A-EBA6-854AF15FD6C0}.Debug|x64.ActiveCfg = Debug|Any CPU
		{8409F387-A019-4F0A-EBA6-854AF15FD6C0}.Debug|x64.Build.0 = Debug|Any CPU
		{8409F387-A019-4F0A-EBA6-854AF15FD6C0}.Debug|x86.ActiveCfg = Debug|Any CPU
		{8409F387-A019-4F0A-EBA6-854AF15FD6C0}.Debug|x86.Build.0 = Debug|Any CPU
		{8409F387-A019-4F0A-EBA6-854AF15FD6C0}.Release|Any CPU.ActiveCfg = Release|Any CPU
		{8409F387-A019-4F0A-EBA6-854AF15FD6C0}.Release|Any CPU.Build.0 = Release|Any CPU
		{8409F387-A019-4F0A-EBA6-854AF15FD6C0}.Release|x64.ActiveCfg = Release|Any CPU
		{8409F387-A019-4F0A-EBA6-854AF15FD6C0}.Release|x64.Build.0 = Release|Any CPU
		{8409F387-A019-4F0A-EBA6-854AF15FD6C0}.Release|x86.ActiveCfg = Release|Any CPU
		{8409F387-A019-4F0A-EBA6-854AF15FD6C0}.Release|x86.Build.0 = Release|Any CPU
		{AEC673A2-4F7F-EE31-8C8E-07C60A5D26A2}.Debug|Any CPU.ActiveCfg = Debug|Any CPU
		{AEC673A2-4F7F-EE31-8C8E-07C60A5D26A2}.Debug|Any CPU.Build.0 = Debug|Any CPU
		{AEC673A2-4F7F-EE31-8C8E-07C60A5D26A2}.Debug|x64.ActiveCfg = Debug|Any CPU
		{AEC673A2-4F7F-EE31-8C8E-07C60A5D26A2}.Debug|x64.Build.0 = Debug|Any CPU
		{AEC673A2-4F7F-EE31-8C8E-07C60A5D26A2}.Debug|x86.ActiveCfg = Debug|Any CPU
		{AEC673A2-4F7F-EE31-8C8E-07C60A5D26A2}.Debug|x86.Build.0 = Debug|Any CPU
		{AEC673A2-4F7F-EE31-8C8E-07C60A5D26A2}.Release|Any CPU.ActiveCfg = Release|Any CPU
		{AEC673A2-4F7F-EE31-8C8E-07C60A5D26A2}.Release|Any CPU.Build.0 = Release|Any CPU
		{AEC673A2-4F7F-EE31-8C8E-07C60A5D26A2}.Release|x64.ActiveCfg = Release|Any CPU
		{AEC673A2-4F7F-EE31-8C8E-07C60A5D26A2}.Release|x64.Build.0 = Release|Any CPU
		{AEC673A2-4F7F-EE31-8C8E-07C60A5D26A2}.Release|x86.ActiveCfg = Release|Any CPU
		{AEC673A2-4F7F-EE31-8C8E-07C60A5D26A2}.Release|x86.Build.0 = Release|Any CPU
		{EB5395A5-FD68-B65D-F015-2DE55F312673}.Debug|Any CPU.ActiveCfg = Debug|Any CPU
		{EB5395A5-FD68-B65D-F015-2DE55F312673}.Debug|Any CPU.Build.0 = Debug|Any CPU
		{EB5395A5-FD68-B65D-F015-2DE55F312673}.Debug|x64.ActiveCfg = Debug|Any CPU
		{EB5395A5-FD68-B65D-F015-2DE55F312673}.Debug|x64.Build.0 = Debug|Any CPU
		{EB5395A5-FD68-B65D-F015-2DE55F312673}.Debug|x86.ActiveCfg = Debug|Any CPU
		{EB5395A5-FD68-B65D-F015-2DE55F312673}.Debug|x86.Build.0 = Debug|Any CPU
		{EB5395A5-FD68-B65D-F015-2DE55F312673}.Release|Any CPU.ActiveCfg = Release|Any CPU
		{EB5395A5-FD68-B65D-F015-2DE55F312673}.Release|Any CPU.Build.0 = Release|Any CPU
		{EB5395A5-FD68-B65D-F015-2DE55F312673}.Release|x64.ActiveCfg = Release|Any CPU
		{EB5395A5-FD68-B65D-F015-2DE55F312673}.Release|x64.Build.0 = Release|Any CPU
		{EB5395A5-FD68-B65D-F015-2DE55F312673}.Release|x86.ActiveCfg = Release|Any CPU
		{EB5395A5-FD68-B65D-F015-2DE55F312673}.Release|x86.Build.0 = Release|Any CPU
		{45588ED9-E224-7508-C660-CF39689ADBE4}.Debug|Any CPU.ActiveCfg = Debug|Any CPU
		{45588ED9-E224-7508-C660-CF39689ADBE4}.Debug|Any CPU.Build.0 = Debug|Any CPU
		{45588ED9-E224-7508-C660-CF39689ADBE4}.Debug|x64.ActiveCfg = Debug|Any CPU
		{45588ED9-E224-7508-C660-CF39689ADBE4}.Debug|x64.Build.0 = Debug|Any CPU
		{45588ED9-E224-7508-C660-CF39689ADBE4}.Debug|x86.ActiveCfg = Debug|Any CPU
		{45588ED9-E224-7508-C660-CF39689ADBE4}.Debug|x86.Build.0 = Debug|Any CPU
		{45588ED9-E224-7508-C660-CF39689ADBE4}.Release|Any CPU.ActiveCfg = Release|Any CPU
		{45588ED9-E224-7508-C660-CF39689ADBE4}.Release|Any CPU.Build.0 = Release|Any CPU
		{45588ED9-E224-7508-C660-CF39689ADBE4}.Release|x64.ActiveCfg = Release|Any CPU
		{45588ED9-E224-7508-C660-CF39689ADBE4}.Release|x64.Build.0 = Release|Any CPU
		{45588ED9-E224-7508-C660-CF39689ADBE4}.Release|x86.ActiveCfg = Release|Any CPU
		{45588ED9-E224-7508-C660-CF39689ADBE4}.Release|x86.Build.0 = Release|Any CPU
		{07F6752D-6817-4661-A186-6B94C23D4456}.Debug|Any CPU.ActiveCfg = Debug|Any CPU
		{07F6752D-6817-4661-A186-6B94C23D4456}.Debug|Any CPU.Build.0 = Debug|Any CPU
		{07F6752D-6817-4661-A186-6B94C23D4456}.Debug|x64.ActiveCfg = Debug|Any CPU
		{07F6752D-6817-4661-A186-6B94C23D4456}.Debug|x64.Build.0 = Debug|Any CPU
		{07F6752D-6817-4661-A186-6B94C23D4456}.Debug|x86.ActiveCfg = Debug|Any CPU
		{07F6752D-6817-4661-A186-6B94C23D4456}.Debug|x86.Build.0 = Debug|Any CPU
		{07F6752D-6817-4661-A186-6B94C23D4456}.Release|Any CPU.ActiveCfg = Release|Any CPU
		{07F6752D-6817-4661-A186-6B94C23D4456}.Release|Any CPU.Build.0 = Release|Any CPU
		{07F6752D-6817-4661-A186-6B94C23D4456}.Release|x64.ActiveCfg = Release|Any CPU
		{07F6752D-6817-4661-A186-6B94C23D4456}.Release|x64.Build.0 = Release|Any CPU
		{07F6752D-6817-4661-A186-6B94C23D4456}.Release|x86.ActiveCfg = Release|Any CPU
		{07F6752D-6817-4661-A186-6B94C23D4456}.Release|x86.Build.0 = Release|Any CPU
		{4FEF90EF-5659-1F2D-727A-6CD5904CC993}.Debug|Any CPU.ActiveCfg = Debug|Any CPU
		{4FEF90EF-5659-1F2D-727A-6CD5904CC993}.Debug|Any CPU.Build.0 = Debug|Any CPU
		{4FEF90EF-5659-1F2D-727A-6CD5904CC993}.Debug|x64.ActiveCfg = Debug|Any CPU
		{4FEF90EF-5659-1F2D-727A-6CD5904CC993}.Debug|x64.Build.0 = Debug|Any CPU
		{4FEF90EF-5659-1F2D-727A-6CD5904CC993}.Debug|x86.ActiveCfg = Debug|Any CPU
		{4FEF90EF-5659-1F2D-727A-6CD5904CC993}.Debug|x86.Build.0 = Debug|Any CPU
		{4FEF90EF-5659-1F2D-727A-6CD5904CC993}.Release|Any CPU.ActiveCfg = Release|Any CPU
		{4FEF90EF-5659-1F2D-727A-6CD5904CC993}.Release|Any CPU.Build.0 = Release|Any CPU
		{4FEF90EF-5659-1F2D-727A-6CD5904CC993}.Release|x64.ActiveCfg = Release|Any CPU
		{4FEF90EF-5659-1F2D-727A-6CD5904CC993}.Release|x64.Build.0 = Release|Any CPU
		{4FEF90EF-5659-1F2D-727A-6CD5904CC993}.Release|x86.ActiveCfg = Release|Any CPU
		{4FEF90EF-5659-1F2D-727A-6CD5904CC993}.Release|x86.Build.0 = Release|Any CPU
		{3708A7AC-1A66-E1E3-8BCF-CEBCAE4C29F3}.Debug|Any CPU.ActiveCfg = Debug|Any CPU
		{3708A7AC-1A66-E1E3-8BCF-CEBCAE4C29F3}.Debug|Any CPU.Build.0 = Debug|Any CPU
		{3708A7AC-1A66-E1E3-8BCF-CEBCAE4C29F3}.Debug|x64.ActiveCfg = Debug|Any CPU
		{3708A7AC-1A66-E1E3-8BCF-CEBCAE4C29F3}.Debug|x64.Build.0 = Debug|Any CPU
		{3708A7AC-1A66-E1E3-8BCF-CEBCAE4C29F3}.Debug|x86.ActiveCfg = Debug|Any CPU
		{3708A7AC-1A66-E1E3-8BCF-CEBCAE4C29F3}.Debug|x86.Build.0 = Debug|Any CPU
		{3708A7AC-1A66-E1E3-8BCF-CEBCAE4C29F3}.Release|Any CPU.ActiveCfg = Release|Any CPU
		{3708A7AC-1A66-E1E3-8BCF-CEBCAE4C29F3}.Release|Any CPU.Build.0 = Release|Any CPU
		{3708A7AC-1A66-E1E3-8BCF-CEBCAE4C29F3}.Release|x64.ActiveCfg = Release|Any CPU
		{3708A7AC-1A66-E1E3-8BCF-CEBCAE4C29F3}.Release|x64.Build.0 = Release|Any CPU
		{3708A7AC-1A66-E1E3-8BCF-CEBCAE4C29F3}.Release|x86.ActiveCfg = Release|Any CPU
		{3708A7AC-1A66-E1E3-8BCF-CEBCAE4C29F3}.Release|x86.Build.0 = Release|Any CPU
		{D8F65924-40B4-E84B-4196-F319D8C8C23B}.Debug|Any CPU.ActiveCfg = Debug|Any CPU
		{D8F65924-40B4-E84B-4196-F319D8C8C23B}.Debug|Any CPU.Build.0 = Debug|Any CPU
		{D8F65924-40B4-E84B-4196-F319D8C8C23B}.Debug|x64.ActiveCfg = Debug|Any CPU
		{D8F65924-40B4-E84B-4196-F319D8C8C23B}.Debug|x64.Build.0 = Debug|Any CPU
		{D8F65924-40B4-E84B-4196-F319D8C8C23B}.Debug|x86.ActiveCfg = Debug|Any CPU
		{D8F65924-40B4-E84B-4196-F319D8C8C23B}.Debug|x86.Build.0 = Debug|Any CPU
		{D8F65924-40B4-E84B-4196-F319D8C8C23B}.Release|Any CPU.ActiveCfg = Release|Any CPU
		{D8F65924-40B4-E84B-4196-F319D8C8C23B}.Release|Any CPU.Build.0 = Release|Any CPU
		{D8F65924-40B4-E84B-4196-F319D8C8C23B}.Release|x64.ActiveCfg = Release|Any CPU
		{D8F65924-40B4-E84B-4196-F319D8C8C23B}.Release|x64.Build.0 = Release|Any CPU
		{D8F65924-40B4-E84B-4196-F319D8C8C23B}.Release|x86.ActiveCfg = Release|Any CPU
		{D8F65924-40B4-E84B-4196-F319D8C8C23B}.Release|x86.Build.0 = Release|Any CPU
		{332218BC-01E8-6FE7-A759-850CFFAF42AC}.Debug|Any CPU.ActiveCfg = Debug|Any CPU
		{332218BC-01E8-6FE7-A759-850CFFAF42AC}.Debug|Any CPU.Build.0 = Debug|Any CPU
		{332218BC-01E8-6FE7-A759-850CFFAF42AC}.Debug|x64.ActiveCfg = Debug|Any CPU
		{332218BC-01E8-6FE7-A759-850CFFAF42AC}.Debug|x64.Build.0 = Debug|Any CPU
		{332218BC-01E8-6FE7-A759-850CFFAF42AC}.Debug|x86.ActiveCfg = Debug|Any CPU
		{332218BC-01E8-6FE7-A759-850CFFAF42AC}.Debug|x86.Build.0 = Debug|Any CPU
		{332218BC-01E8-6FE7-A759-850CFFAF42AC}.Release|Any CPU.ActiveCfg = Release|Any CPU
		{332218BC-01E8-6FE7-A759-850CFFAF42AC}.Release|Any CPU.Build.0 = Release|Any CPU
		{332218BC-01E8-6FE7-A759-850CFFAF42AC}.Release|x64.ActiveCfg = Release|Any CPU
		{332218BC-01E8-6FE7-A759-850CFFAF42AC}.Release|x64.Build.0 = Release|Any CPU
		{332218BC-01E8-6FE7-A759-850CFFAF42AC}.Release|x86.ActiveCfg = Release|Any CPU
		{332218BC-01E8-6FE7-A759-850CFFAF42AC}.Release|x86.Build.0 = Release|Any CPU
		{D20BA702-4C30-1C7C-2455-F88B591147D8}.Debug|Any CPU.ActiveCfg = Debug|Any CPU
		{D20BA702-4C30-1C7C-2455-F88B591147D8}.Debug|Any CPU.Build.0 = Debug|Any CPU
		{D20BA702-4C30-1C7C-2455-F88B591147D8}.Debug|x64.ActiveCfg = Debug|Any CPU
		{D20BA702-4C30-1C7C-2455-F88B591147D8}.Debug|x64.Build.0 = Debug|Any CPU
		{D20BA702-4C30-1C7C-2455-F88B591147D8}.Debug|x86.ActiveCfg = Debug|Any CPU
		{D20BA702-4C30-1C7C-2455-F88B591147D8}.Debug|x86.Build.0 = Debug|Any CPU
		{D20BA702-4C30-1C7C-2455-F88B591147D8}.Release|Any CPU.ActiveCfg = Release|Any CPU
		{D20BA702-4C30-1C7C-2455-F88B591147D8}.Release|Any CPU.Build.0 = Release|Any CPU
		{D20BA702-4C30-1C7C-2455-F88B591147D8}.Release|x64.ActiveCfg = Release|Any CPU
		{D20BA702-4C30-1C7C-2455-F88B591147D8}.Release|x64.Build.0 = Release|Any CPU
		{D20BA702-4C30-1C7C-2455-F88B591147D8}.Release|x86.ActiveCfg = Release|Any CPU
		{D20BA702-4C30-1C7C-2455-F88B591147D8}.Release|x86.Build.0 = Release|Any CPU
		{F3BF41A7-3464-2712-185D-7F2E1BAABDBC}.Debug|Any CPU.ActiveCfg = Debug|Any CPU
		{F3BF41A7-3464-2712-185D-7F2E1BAABDBC}.Debug|Any CPU.Build.0 = Debug|Any CPU
		{F3BF41A7-3464-2712-185D-7F2E1BAABDBC}.Debug|x64.ActiveCfg = Debug|Any CPU
		{F3BF41A7-3464-2712-185D-7F2E1BAABDBC}.Debug|x64.Build.0 = Debug|Any CPU
		{F3BF41A7-3464-2712-185D-7F2E1BAABDBC}.Debug|x86.ActiveCfg = Debug|Any CPU
		{F3BF41A7-3464-2712-185D-7F2E1BAABDBC}.Debug|x86.Build.0 = Debug|Any CPU
		{F3BF41A7-3464-2712-185D-7F2E1BAABDBC}.Release|Any CPU.ActiveCfg = Release|Any CPU
		{F3BF41A7-3464-2712-185D-7F2E1BAABDBC}.Release|Any CPU.Build.0 = Release|Any CPU
		{F3BF41A7-3464-2712-185D-7F2E1BAABDBC}.Release|x64.ActiveCfg = Release|Any CPU
		{F3BF41A7-3464-2712-185D-7F2E1BAABDBC}.Release|x64.Build.0 = Release|Any CPU
		{F3BF41A7-3464-2712-185D-7F2E1BAABDBC}.Release|x86.ActiveCfg = Release|Any CPU
		{F3BF41A7-3464-2712-185D-7F2E1BAABDBC}.Release|x86.Build.0 = Release|Any CPU
		{F68A1871-095E-5A08-C270-19A98F607C4E}.Debug|Any CPU.ActiveCfg = Debug|Any CPU
		{F68A1871-095E-5A08-C270-19A98F607C4E}.Debug|Any CPU.Build.0 = Debug|Any CPU
		{F68A1871-095E-5A08-C270-19A98F607C4E}.Debug|x64.ActiveCfg = Debug|Any CPU
		{F68A1871-095E-5A08-C270-19A98F607C4E}.Debug|x64.Build.0 = Debug|Any CPU
		{F68A1871-095E-5A08-C270-19A98F607C4E}.Debug|x86.ActiveCfg = Debug|Any CPU
		{F68A1871-095E-5A08-C270-19A98F607C4E}.Debug|x86.Build.0 = Debug|Any CPU
		{F68A1871-095E-5A08-C270-19A98F607C4E}.Release|Any CPU.ActiveCfg = Release|Any CPU
		{F68A1871-095E-5A08-C270-19A98F607C4E}.Release|Any CPU.Build.0 = Release|Any CPU
		{F68A1871-095E-5A08-C270-19A98F607C4E}.Release|x64.ActiveCfg = Release|Any CPU
		{F68A1871-095E-5A08-C270-19A98F607C4E}.Release|x64.Build.0 = Release|Any CPU
		{F68A1871-095E-5A08-C270-19A98F607C4E}.Release|x86.ActiveCfg = Release|Any CPU
		{F68A1871-095E-5A08-C270-19A98F607C4E}.Release|x86.Build.0 = Release|Any CPU
		{681FBA99-6229-5016-CDAE-5D7955C6AA4E}.Debug|Any CPU.ActiveCfg = Debug|Any CPU
		{681FBA99-6229-5016-CDAE-5D7955C6AA4E}.Debug|Any CPU.Build.0 = Debug|Any CPU
		{681FBA99-6229-5016-CDAE-5D7955C6AA4E}.Debug|x64.ActiveCfg = Debug|Any CPU
		{681FBA99-6229-5016-CDAE-5D7955C6AA4E}.Debug|x64.Build.0 = Debug|Any CPU
		{681FBA99-6229-5016-CDAE-5D7955C6AA4E}.Debug|x86.ActiveCfg = Debug|Any CPU
		{681FBA99-6229-5016-CDAE-5D7955C6AA4E}.Debug|x86.Build.0 = Debug|Any CPU
		{681FBA99-6229-5016-CDAE-5D7955C6AA4E}.Release|Any CPU.ActiveCfg = Release|Any CPU
		{681FBA99-6229-5016-CDAE-5D7955C6AA4E}.Release|Any CPU.Build.0 = Release|Any CPU
		{681FBA99-6229-5016-CDAE-5D7955C6AA4E}.Release|x64.ActiveCfg = Release|Any CPU
		{681FBA99-6229-5016-CDAE-5D7955C6AA4E}.Release|x64.Build.0 = Release|Any CPU
		{681FBA99-6229-5016-CDAE-5D7955C6AA4E}.Release|x86.ActiveCfg = Release|Any CPU
		{681FBA99-6229-5016-CDAE-5D7955C6AA4E}.Release|x86.Build.0 = Release|Any CPU
		{A5AAA8C9-C1F1-E37E-0D6D-9EF72CD8C4FC}.Debug|Any CPU.ActiveCfg = Debug|Any CPU
		{A5AAA8C9-C1F1-E37E-0D6D-9EF72CD8C4FC}.Debug|Any CPU.Build.0 = Debug|Any CPU
		{A5AAA8C9-C1F1-E37E-0D6D-9EF72CD8C4FC}.Debug|x64.ActiveCfg = Debug|Any CPU
		{A5AAA8C9-C1F1-E37E-0D6D-9EF72CD8C4FC}.Debug|x64.Build.0 = Debug|Any CPU
		{A5AAA8C9-C1F1-E37E-0D6D-9EF72CD8C4FC}.Debug|x86.ActiveCfg = Debug|Any CPU
		{A5AAA8C9-C1F1-E37E-0D6D-9EF72CD8C4FC}.Debug|x86.Build.0 = Debug|Any CPU
		{A5AAA8C9-C1F1-E37E-0D6D-9EF72CD8C4FC}.Release|Any CPU.ActiveCfg = Release|Any CPU
		{A5AAA8C9-C1F1-E37E-0D6D-9EF72CD8C4FC}.Release|Any CPU.Build.0 = Release|Any CPU
		{A5AAA8C9-C1F1-E37E-0D6D-9EF72CD8C4FC}.Release|x64.ActiveCfg = Release|Any CPU
		{A5AAA8C9-C1F1-E37E-0D6D-9EF72CD8C4FC}.Release|x64.Build.0 = Release|Any CPU
		{A5AAA8C9-C1F1-E37E-0D6D-9EF72CD8C4FC}.Release|x86.ActiveCfg = Release|Any CPU
		{A5AAA8C9-C1F1-E37E-0D6D-9EF72CD8C4FC}.Release|x86.Build.0 = Release|Any CPU
		{4DACFCFF-DCCD-33A7-B90E-7C6158EED345}.Debug|Any CPU.ActiveCfg = Debug|Any CPU
		{4DACFCFF-DCCD-33A7-B90E-7C6158EED345}.Debug|Any CPU.Build.0 = Debug|Any CPU
		{4DACFCFF-DCCD-33A7-B90E-7C6158EED345}.Debug|x64.ActiveCfg = Debug|Any CPU
		{4DACFCFF-DCCD-33A7-B90E-7C6158EED345}.Debug|x64.Build.0 = Debug|Any CPU
		{4DACFCFF-DCCD-33A7-B90E-7C6158EED345}.Debug|x86.ActiveCfg = Debug|Any CPU
		{4DACFCFF-DCCD-33A7-B90E-7C6158EED345}.Debug|x86.Build.0 = Debug|Any CPU
		{4DACFCFF-DCCD-33A7-B90E-7C6158EED345}.Release|Any CPU.ActiveCfg = Release|Any CPU
		{4DACFCFF-DCCD-33A7-B90E-7C6158EED345}.Release|Any CPU.Build.0 = Release|Any CPU
		{4DACFCFF-DCCD-33A7-B90E-7C6158EED345}.Release|x64.ActiveCfg = Release|Any CPU
		{4DACFCFF-DCCD-33A7-B90E-7C6158EED345}.Release|x64.Build.0 = Release|Any CPU
		{4DACFCFF-DCCD-33A7-B90E-7C6158EED345}.Release|x86.ActiveCfg = Release|Any CPU
		{4DACFCFF-DCCD-33A7-B90E-7C6158EED345}.Release|x86.Build.0 = Release|Any CPU
		{B04B813A-AB1B-AC28-C104-3F17807952BA}.Debug|Any CPU.ActiveCfg = Debug|Any CPU
		{B04B813A-AB1B-AC28-C104-3F17807952BA}.Debug|Any CPU.Build.0 = Debug|Any CPU
		{B04B813A-AB1B-AC28-C104-3F17807952BA}.Debug|x64.ActiveCfg = Debug|Any CPU
		{B04B813A-AB1B-AC28-C104-3F17807952BA}.Debug|x64.Build.0 = Debug|Any CPU
		{B04B813A-AB1B-AC28-C104-3F17807952BA}.Debug|x86.ActiveCfg = Debug|Any CPU
		{B04B813A-AB1B-AC28-C104-3F17807952BA}.Debug|x86.Build.0 = Debug|Any CPU
		{B04B813A-AB1B-AC28-C104-3F17807952BA}.Release|Any CPU.ActiveCfg = Release|Any CPU
		{B04B813A-AB1B-AC28-C104-3F17807952BA}.Release|Any CPU.Build.0 = Release|Any CPU
		{B04B813A-AB1B-AC28-C104-3F17807952BA}.Release|x64.ActiveCfg = Release|Any CPU
		{B04B813A-AB1B-AC28-C104-3F17807952BA}.Release|x64.Build.0 = Release|Any CPU
		{B04B813A-AB1B-AC28-C104-3F17807952BA}.Release|x86.ActiveCfg = Release|Any CPU
		{B04B813A-AB1B-AC28-C104-3F17807952BA}.Release|x86.Build.0 = Release|Any CPU
		{ABA8C1E8-5A35-B9AF-04FD-972677EEEEB1}.Debug|Any CPU.ActiveCfg = Debug|Any CPU
		{ABA8C1E8-5A35-B9AF-04FD-972677EEEEB1}.Debug|Any CPU.Build.0 = Debug|Any CPU
		{ABA8C1E8-5A35-B9AF-04FD-972677EEEEB1}.Debug|x64.ActiveCfg = Debug|Any CPU
		{ABA8C1E8-5A35-B9AF-04FD-972677EEEEB1}.Debug|x64.Build.0 = Debug|Any CPU
		{ABA8C1E8-5A35-B9AF-04FD-972677EEEEB1}.Debug|x86.ActiveCfg = Debug|Any CPU
		{ABA8C1E8-5A35-B9AF-04FD-972677EEEEB1}.Debug|x86.Build.0 = Debug|Any CPU
		{ABA8C1E8-5A35-B9AF-04FD-972677EEEEB1}.Release|Any CPU.ActiveCfg = Release|Any CPU
		{ABA8C1E8-5A35-B9AF-04FD-972677EEEEB1}.Release|Any CPU.Build.0 = Release|Any CPU
		{ABA8C1E8-5A35-B9AF-04FD-972677EEEEB1}.Release|x64.ActiveCfg = Release|Any CPU
		{ABA8C1E8-5A35-B9AF-04FD-972677EEEEB1}.Release|x64.Build.0 = Release|Any CPU
		{ABA8C1E8-5A35-B9AF-04FD-972677EEEEB1}.Release|x86.ActiveCfg = Release|Any CPU
		{ABA8C1E8-5A35-B9AF-04FD-972677EEEEB1}.Release|x86.Build.0 = Release|Any CPU
		{D631AD64-9CDD-9749-4DBC-EDAF5F7823C6}.Debug|Any CPU.ActiveCfg = Debug|Any CPU
		{D631AD64-9CDD-9749-4DBC-EDAF5F7823C6}.Debug|Any CPU.Build.0 = Debug|Any CPU
		{D631AD64-9CDD-9749-4DBC-EDAF5F7823C6}.Debug|x64.ActiveCfg = Debug|Any CPU
		{D631AD64-9CDD-9749-4DBC-EDAF5F7823C6}.Debug|x64.Build.0 = Debug|Any CPU
		{D631AD64-9CDD-9749-4DBC-EDAF5F7823C6}.Debug|x86.ActiveCfg = Debug|Any CPU
		{D631AD64-9CDD-9749-4DBC-EDAF5F7823C6}.Debug|x86.Build.0 = Debug|Any CPU
		{D631AD64-9CDD-9749-4DBC-EDAF5F7823C6}.Release|Any CPU.ActiveCfg = Release|Any CPU
		{D631AD64-9CDD-9749-4DBC-EDAF5F7823C6}.Release|Any CPU.Build.0 = Release|Any CPU
		{D631AD64-9CDD-9749-4DBC-EDAF5F7823C6}.Release|x64.ActiveCfg = Release|Any CPU
		{D631AD64-9CDD-9749-4DBC-EDAF5F7823C6}.Release|x64.Build.0 = Release|Any CPU
		{D631AD64-9CDD-9749-4DBC-EDAF5F7823C6}.Release|x86.ActiveCfg = Release|Any CPU
		{D631AD64-9CDD-9749-4DBC-EDAF5F7823C6}.Release|x86.Build.0 = Release|Any CPU
		{B6458273-6C66-BC0F-626E-A660CC96CE5F}.Debug|Any CPU.ActiveCfg = Debug|Any CPU
		{B6458273-6C66-BC0F-626E-A660CC96CE5F}.Debug|Any CPU.Build.0 = Debug|Any CPU
		{B6458273-6C66-BC0F-626E-A660CC96CE5F}.Debug|x64.ActiveCfg = Debug|Any CPU
		{B6458273-6C66-BC0F-626E-A660CC96CE5F}.Debug|x64.Build.0 = Debug|Any CPU
		{B6458273-6C66-BC0F-626E-A660CC96CE5F}.Debug|x86.ActiveCfg = Debug|Any CPU
		{B6458273-6C66-BC0F-626E-A660CC96CE5F}.Debug|x86.Build.0 = Debug|Any CPU
		{B6458273-6C66-BC0F-626E-A660CC96CE5F}.Release|Any CPU.ActiveCfg = Release|Any CPU
		{B6458273-6C66-BC0F-626E-A660CC96CE5F}.Release|Any CPU.Build.0 = Release|Any CPU
		{B6458273-6C66-BC0F-626E-A660CC96CE5F}.Release|x64.ActiveCfg = Release|Any CPU
		{B6458273-6C66-BC0F-626E-A660CC96CE5F}.Release|x64.Build.0 = Release|Any CPU
		{B6458273-6C66-BC0F-626E-A660CC96CE5F}.Release|x86.ActiveCfg = Release|Any CPU
		{B6458273-6C66-BC0F-626E-A660CC96CE5F}.Release|x86.Build.0 = Release|Any CPU
		{784F5898-7D9B-3594-0FD4-73CBD15358EE}.Debug|Any CPU.ActiveCfg = Debug|Any CPU
		{784F5898-7D9B-3594-0FD4-73CBD15358EE}.Debug|Any CPU.Build.0 = Debug|Any CPU
		{784F5898-7D9B-3594-0FD4-73CBD15358EE}.Debug|x64.ActiveCfg = Debug|Any CPU
		{784F5898-7D9B-3594-0FD4-73CBD15358EE}.Debug|x64.Build.0 = Debug|Any CPU
		{784F5898-7D9B-3594-0FD4-73CBD15358EE}.Debug|x86.ActiveCfg = Debug|Any CPU
		{784F5898-7D9B-3594-0FD4-73CBD15358EE}.Debug|x86.Build.0 = Debug|Any CPU
		{784F5898-7D9B-3594-0FD4-73CBD15358EE}.Release|Any CPU.ActiveCfg = Release|Any CPU
		{784F5898-7D9B-3594-0FD4-73CBD15358EE}.Release|Any CPU.Build.0 = Release|Any CPU
		{784F5898-7D9B-3594-0FD4-73CBD15358EE}.Release|x64.ActiveCfg = Release|Any CPU
		{784F5898-7D9B-3594-0FD4-73CBD15358EE}.Release|x64.Build.0 = Release|Any CPU
		{784F5898-7D9B-3594-0FD4-73CBD15358EE}.Release|x86.ActiveCfg = Release|Any CPU
		{784F5898-7D9B-3594-0FD4-73CBD15358EE}.Release|x86.Build.0 = Release|Any CPU
		{AF188245-2252-8914-7045-EF2DBC40BF7C}.Debug|Any CPU.ActiveCfg = Debug|Any CPU
		{AF188245-2252-8914-7045-EF2DBC40BF7C}.Debug|Any CPU.Build.0 = Debug|Any CPU
		{AF188245-2252-8914-7045-EF2DBC40BF7C}.Debug|x64.ActiveCfg = Debug|Any CPU
		{AF188245-2252-8914-7045-EF2DBC40BF7C}.Debug|x64.Build.0 = Debug|Any CPU
		{AF188245-2252-8914-7045-EF2DBC40BF7C}.Debug|x86.ActiveCfg = Debug|Any CPU
		{AF188245-2252-8914-7045-EF2DBC40BF7C}.Debug|x86.Build.0 = Debug|Any CPU
		{AF188245-2252-8914-7045-EF2DBC40BF7C}.Release|Any CPU.ActiveCfg = Release|Any CPU
		{AF188245-2252-8914-7045-EF2DBC40BF7C}.Release|Any CPU.Build.0 = Release|Any CPU
		{AF188245-2252-8914-7045-EF2DBC40BF7C}.Release|x64.ActiveCfg = Release|Any CPU
		{AF188245-2252-8914-7045-EF2DBC40BF7C}.Release|x64.Build.0 = Release|Any CPU
		{AF188245-2252-8914-7045-EF2DBC40BF7C}.Release|x86.ActiveCfg = Release|Any CPU
		{AF188245-2252-8914-7045-EF2DBC40BF7C}.Release|x86.Build.0 = Release|Any CPU
		{153667B0-0B99-AD91-2F7A-4E820C3B607F}.Debug|Any CPU.ActiveCfg = Debug|Any CPU
		{153667B0-0B99-AD91-2F7A-4E820C3B607F}.Debug|Any CPU.Build.0 = Debug|Any CPU
		{153667B0-0B99-AD91-2F7A-4E820C3B607F}.Debug|x64.ActiveCfg = Debug|Any CPU
		{153667B0-0B99-AD91-2F7A-4E820C3B607F}.Debug|x64.Build.0 = Debug|Any CPU
		{153667B0-0B99-AD91-2F7A-4E820C3B607F}.Debug|x86.ActiveCfg = Debug|Any CPU
		{153667B0-0B99-AD91-2F7A-4E820C3B607F}.Debug|x86.Build.0 = Debug|Any CPU
		{153667B0-0B99-AD91-2F7A-4E820C3B607F}.Release|Any CPU.ActiveCfg = Release|Any CPU
		{153667B0-0B99-AD91-2F7A-4E820C3B607F}.Release|Any CPU.Build.0 = Release|Any CPU
		{153667B0-0B99-AD91-2F7A-4E820C3B607F}.Release|x64.ActiveCfg = Release|Any CPU
		{153667B0-0B99-AD91-2F7A-4E820C3B607F}.Release|x64.Build.0 = Release|Any CPU
		{153667B0-0B99-AD91-2F7A-4E820C3B607F}.Release|x86.ActiveCfg = Release|Any CPU
		{153667B0-0B99-AD91-2F7A-4E820C3B607F}.Release|x86.Build.0 = Release|Any CPU
		{D7451C17-9965-6F09-7070-955401A2F20E}.Debug|Any CPU.ActiveCfg = Debug|Any CPU
		{D7451C17-9965-6F09-7070-955401A2F20E}.Debug|Any CPU.Build.0 = Debug|Any CPU
		{D7451C17-9965-6F09-7070-955401A2F20E}.Debug|x64.ActiveCfg = Debug|Any CPU
		{D7451C17-9965-6F09-7070-955401A2F20E}.Debug|x64.Build.0 = Debug|Any CPU
		{D7451C17-9965-6F09-7070-955401A2F20E}.Debug|x86.ActiveCfg = Debug|Any CPU
		{D7451C17-9965-6F09-7070-955401A2F20E}.Debug|x86.Build.0 = Debug|Any CPU
		{D7451C17-9965-6F09-7070-955401A2F20E}.Release|Any CPU.ActiveCfg = Release|Any CPU
		{D7451C17-9965-6F09-7070-955401A2F20E}.Release|Any CPU.Build.0 = Release|Any CPU
		{D7451C17-9965-6F09-7070-955401A2F20E}.Release|x64.ActiveCfg = Release|Any CPU
		{D7451C17-9965-6F09-7070-955401A2F20E}.Release|x64.Build.0 = Release|Any CPU
		{D7451C17-9965-6F09-7070-955401A2F20E}.Release|x86.ActiveCfg = Release|Any CPU
		{D7451C17-9965-6F09-7070-955401A2F20E}.Release|x86.Build.0 = Release|Any CPU
		{98AFD4F0-CBBF-9230-9469-38C3947A2EC3}.Debug|Any CPU.ActiveCfg = Debug|Any CPU
		{98AFD4F0-CBBF-9230-9469-38C3947A2EC3}.Debug|Any CPU.Build.0 = Debug|Any CPU
		{98AFD4F0-CBBF-9230-9469-38C3947A2EC3}.Debug|x64.ActiveCfg = Debug|Any CPU
		{98AFD4F0-CBBF-9230-9469-38C3947A2EC3}.Debug|x64.Build.0 = Debug|Any CPU
		{98AFD4F0-CBBF-9230-9469-38C3947A2EC3}.Debug|x86.ActiveCfg = Debug|Any CPU
		{98AFD4F0-CBBF-9230-9469-38C3947A2EC3}.Debug|x86.Build.0 = Debug|Any CPU
		{98AFD4F0-CBBF-9230-9469-38C3947A2EC3}.Release|Any CPU.ActiveCfg = Release|Any CPU
		{98AFD4F0-CBBF-9230-9469-38C3947A2EC3}.Release|Any CPU.Build.0 = Release|Any CPU
		{98AFD4F0-CBBF-9230-9469-38C3947A2EC3}.Release|x64.ActiveCfg = Release|Any CPU
		{98AFD4F0-CBBF-9230-9469-38C3947A2EC3}.Release|x64.Build.0 = Release|Any CPU
		{98AFD4F0-CBBF-9230-9469-38C3947A2EC3}.Release|x86.ActiveCfg = Release|Any CPU
		{98AFD4F0-CBBF-9230-9469-38C3947A2EC3}.Release|x86.Build.0 = Release|Any CPU
		{31DCD4FD-043B-E9AB-9337-3BB81E824EC6}.Debug|Any CPU.ActiveCfg = Debug|Any CPU
		{31DCD4FD-043B-E9AB-9337-3BB81E824EC6}.Debug|Any CPU.Build.0 = Debug|Any CPU
		{31DCD4FD-043B-E9AB-9337-3BB81E824EC6}.Debug|x64.ActiveCfg = Debug|Any CPU
		{31DCD4FD-043B-E9AB-9337-3BB81E824EC6}.Debug|x64.Build.0 = Debug|Any CPU
		{31DCD4FD-043B-E9AB-9337-3BB81E824EC6}.Debug|x86.ActiveCfg = Debug|Any CPU
		{31DCD4FD-043B-E9AB-9337-3BB81E824EC6}.Debug|x86.Build.0 = Debug|Any CPU
		{31DCD4FD-043B-E9AB-9337-3BB81E824EC6}.Release|Any CPU.ActiveCfg = Release|Any CPU
		{31DCD4FD-043B-E9AB-9337-3BB81E824EC6}.Release|Any CPU.Build.0 = Release|Any CPU
		{31DCD4FD-043B-E9AB-9337-3BB81E824EC6}.Release|x64.ActiveCfg = Release|Any CPU
		{31DCD4FD-043B-E9AB-9337-3BB81E824EC6}.Release|x64.Build.0 = Release|Any CPU
		{31DCD4FD-043B-E9AB-9337-3BB81E824EC6}.Release|x86.ActiveCfg = Release|Any CPU
		{31DCD4FD-043B-E9AB-9337-3BB81E824EC6}.Release|x86.Build.0 = Release|Any CPU
		{3FC850C3-38DD-06A9-F705-B1306198ED87}.Debug|Any CPU.ActiveCfg = Debug|Any CPU
		{3FC850C3-38DD-06A9-F705-B1306198ED87}.Debug|Any CPU.Build.0 = Debug|Any CPU
		{3FC850C3-38DD-06A9-F705-B1306198ED87}.Debug|x64.ActiveCfg = Debug|Any CPU
		{3FC850C3-38DD-06A9-F705-B1306198ED87}.Debug|x64.Build.0 = Debug|Any CPU
		{3FC850C3-38DD-06A9-F705-B1306198ED87}.Debug|x86.ActiveCfg = Debug|Any CPU
		{3FC850C3-38DD-06A9-F705-B1306198ED87}.Debug|x86.Build.0 = Debug|Any CPU
		{3FC850C3-38DD-06A9-F705-B1306198ED87}.Release|Any CPU.ActiveCfg = Release|Any CPU
		{3FC850C3-38DD-06A9-F705-B1306198ED87}.Release|Any CPU.Build.0 = Release|Any CPU
		{3FC850C3-38DD-06A9-F705-B1306198ED87}.Release|x64.ActiveCfg = Release|Any CPU
		{3FC850C3-38DD-06A9-F705-B1306198ED87}.Release|x64.Build.0 = Release|Any CPU
		{3FC850C3-38DD-06A9-F705-B1306198ED87}.Release|x86.ActiveCfg = Release|Any CPU
		{3FC850C3-38DD-06A9-F705-B1306198ED87}.Release|x86.Build.0 = Release|Any CPU
		{2FE101B0-0818-68F9-83BA-8E27C85245A5}.Debug|Any CPU.ActiveCfg = Debug|Any CPU
		{2FE101B0-0818-68F9-83BA-8E27C85245A5}.Debug|Any CPU.Build.0 = Debug|Any CPU
		{2FE101B0-0818-68F9-83BA-8E27C85245A5}.Debug|x64.ActiveCfg = Debug|Any CPU
		{2FE101B0-0818-68F9-83BA-8E27C85245A5}.Debug|x64.Build.0 = Debug|Any CPU
		{2FE101B0-0818-68F9-83BA-8E27C85245A5}.Debug|x86.ActiveCfg = Debug|Any CPU
		{2FE101B0-0818-68F9-83BA-8E27C85245A5}.Debug|x86.Build.0 = Debug|Any CPU
		{2FE101B0-0818-68F9-83BA-8E27C85245A5}.Release|Any CPU.ActiveCfg = Release|Any CPU
		{2FE101B0-0818-68F9-83BA-8E27C85245A5}.Release|Any CPU.Build.0 = Release|Any CPU
		{2FE101B0-0818-68F9-83BA-8E27C85245A5}.Release|x64.ActiveCfg = Release|Any CPU
		{2FE101B0-0818-68F9-83BA-8E27C85245A5}.Release|x64.Build.0 = Release|Any CPU
		{2FE101B0-0818-68F9-83BA-8E27C85245A5}.Release|x86.ActiveCfg = Release|Any CPU
		{2FE101B0-0818-68F9-83BA-8E27C85245A5}.Release|x86.Build.0 = Release|Any CPU
	EndGlobalSection
	GlobalSection(SolutionProperties) = preSolution
		HideSolutionNode = FALSE
	EndGlobalSection
	GlobalSection(ExtensibilityGlobals) = postSolution
		SolutionGuid = {FF085008-5F7E-4970-A43E-661EDCE2D3AE}
	EndGlobalSection
EndGlobal
