
Microsoft Visual Studio Solution File, Format Version 12.00
# Visual Studio Version 16
VisualStudioVersion = 16.0.30204.135
MinimumVisualStudioVersion = 15.0.26124.0
Project("{9A19103F-16F7-4668-BE54-9A1E7A4F7556}") = "SampleBase", "SampleBase\SampleBase.csproj", "{C0B671D0-65F5-4CE6-985B-2FDE26064174}"
EndProject
Project("{9A19103F-16F7-4668-BE54-9A1E7A4F7556}") = "Yak2D", "..\..\yak2d\src\Yak2D\Yak2D.csproj", "{D6DFDCE7-87A5-44BF-9755-C7BF63BA4A1B}"
EndProject
Project("{9A19103F-16F7-4668-BE54-9A1E7A4F7556}") = "Yak2D.Api", "..\..\yak2d\src\Yak2D.Api\Yak2D.Api.csproj", "{FCCD6544-936C-41D2-B45D-8FE074AAFE35}"
EndProject
Project("{9A19103F-16F7-4668-BE54-9A1E7A4F7556}") = "Yak2D.Core", "..\..\yak2d\src\Yak2D.Core\Yak2D.Core.csproj", "{3CD28EA2-45F9-4EB3-98AA-706ECD1CAEB5}"
EndProject
Project("{9A19103F-16F7-4668-BE54-9A1E7A4F7556}") = "Yak2D.Font", "..\..\yak2d\src\Yak2D.Font\Yak2D.Font.csproj", "{0C889847-981F-4EA8-AC1B-4B3EF13D8212}"
EndProject
Project("{9A19103F-16F7-4668-BE54-9A1E7A4F7556}") = "Yak2D.Graphics", "..\..\yak2d\src\Yak2D.Graphics\Yak2D.Graphics.csproj", "{EE87258E-6F26-46FC-A9AD-F6E2AF076B5E}"
EndProject
Project("{9A19103F-16F7-4668-BE54-9A1E7A4F7556}") = "Yak2D.Input", "..\..\yak2d\src\Yak2D.Input\Yak2D.Input.csproj", "{452E816F-988E-4E54-A4C5-C43D6530B7CC}"
EndProject
Project("{9A19103F-16F7-4668-BE54-9A1E7A4F7556}") = "Yak2D.Internal", "..\..\yak2d\src\Yak2D.Internal\Yak2D.Internal.csproj", "{30571A38-E956-447A-A389-B6D7DAA97797}"
EndProject
Project("{9A19103F-16F7-4668-BE54-9A1E7A4F7556}") = "Yak2D.Surface", "..\..\yak2d\src\Yak2D.Surface\Yak2D.Surface.csproj", "{71ECD7AD-A91C-4ABE-B04C-7D60EC258F95}"
EndProject
Project("{9A19103F-16F7-4668-BE54-9A1E7A4F7556}") = "Yak2D.Utility", "..\..\yak2d\src\Yak2D.Utility\Yak2D.Utility.csproj", "{BA90F35C-29EE-4DEE-A4DD-62CE4645277D}"
EndProject
Project("{9A19103F-16F7-4668-BE54-9A1E7A4F7556}") = "Draw_PolygonsFromVertices", "Draw_PolygonsFromVertices\Draw_PolygonsFromVertices.csproj", "{BA805196-1C68-4D37-A1CC-5A6AD1894DD7}"
EndProject
Project("{9A19103F-16F7-4668-BE54-9A1E7A4F7556}") = "Draw_BasicPolygonHelperFunctions", "Draw_BasicPolygonHelperFunctions\Draw_BasicPolygonHelperFunctions.csproj", "{07B937A5-47C1-4188-85F3-317EDCF91AAA}"
EndProject
Project("{9A19103F-16F7-4668-BE54-9A1E7A4F7556}") = "Draw_FluentInterfaceDrawingHelper", "Draw_FluentInterfaceDrawingHelper\Draw_FluentInterfaceDrawingHelper.csproj", "{CD722A4E-A65A-46EF-BC08-2F672A685DCE}"
EndProject
Project("{9A19103F-16F7-4668-BE54-9A1E7A4F7556}") = "Draw_FontExample", "Draw_FontExample\Draw_FontExample.csproj", "{153DA3EB-68D3-4525-BF0E-F5181D138593}"
EndProject
Project("{9A19103F-16F7-4668-BE54-9A1E7A4F7556}") = "Draw_PersistentDrawQueue", "Draw_PersistentDrawQueue\Draw_PersistentDrawQueue.csproj", "{73C6AFDC-5BEC-40A8-98F5-0A4E2B884B97}"
EndProject
Project("{9A19103F-16F7-4668-BE54-9A1E7A4F7556}") = "Blur_Example", "Blur_Example\Blur_Example.csproj", "{BFAEF29B-20D0-4D23-89FD-3150AEE46374}"
EndProject
Project("{9A19103F-16F7-4668-BE54-9A1E7A4F7556}") = "Bloom_Example", "Bloom_Example\Bloom_Example.csproj", "{4E0F0F22-016B-4C05-AE31-117B0372736A}"
EndProject
Project("{9A19103F-16F7-4668-BE54-9A1E7A4F7556}") = "ColourEffects_Example", "ColourEffects_Example\ColourEffects_Example.csproj", "{88468215-15A9-4852-AFB4-0176C9B9AA32}"
EndProject
Project("{9A19103F-16F7-4668-BE54-9A1E7A4F7556}") = "Copy_Example", "Copy_Example\Copy_Example.csproj", "{755C8CDA-2C97-478F-B495-F048CE5615C9}"
EndProject
Project("{9A19103F-16F7-4668-BE54-9A1E7A4F7556}") = "StyleEffects_Pixellate", "StyleEffects_Pixellate\StyleEffects_Pixellate.csproj", "{1447B4EC-76A9-424C-8A6F-B40AC206FC9D}"
EndProject
Project("{9A19103F-16F7-4668-BE54-9A1E7A4F7556}") = "StyleEffects_EdgeDetection", "StyleEffects_EdgeDetection\StyleEffects_EdgeDetection.csproj", "{FA9B9487-FB7E-4734-ADC1-552C8D24CDD8}"
EndProject
Project("{9A19103F-16F7-4668-BE54-9A1E7A4F7556}") = "StyleEffects_Static", "StyleEffects_Static\StyleEffects_Static.csproj", "{74761AFE-1CAB-4838-8396-3815FB69FEC1}"
EndProject
Project("{9A19103F-16F7-4668-BE54-9A1E7A4F7556}") = "StyleEffects_OldMovie", "StyleEffects_OldMovie\StyleEffects_OldMovie.csproj", "{86CDE244-53BF-478F-A184-DA5995F44823}"
EndProject
Project("{9A19103F-16F7-4668-BE54-9A1E7A4F7556}") = "StyleEffects_CRT", "StyleEffects_CRT\StyleEffects_CRT.csproj", "{E8F1CF8A-EA51-4440-BFDF-76449C48AC2B}"
EndProject
Project("{9A19103F-16F7-4668-BE54-9A1E7A4F7556}") = "Surfaces_CreateTextureFromDataRGBA", "Surfaces_CreateTextureFromDataRGBA\Surfaces_CreateTextureFromDataRGBA.csproj", "{7A7555B2-D8A3-44BB-AD00-B12037DFB89F}"
EndProject
Project("{9A19103F-16F7-4668-BE54-9A1E7A4F7556}") = "Distortion_ExampleUsingHelperFunctions", "Distortion_ExampleUsingHelperFunctions\Distortion_ExampleUsingHelperFunctions.csproj", "{527867F1-BB61-41F7-A74F-0C7B98F351F8}"
EndProject
Project("{9A19103F-16F7-4668-BE54-9A1E7A4F7556}") = "Distortion_ManualTextureCreation", "Distortion_ManualTextureCreation\Distortion_ManualTextureCreation.csproj", "{198E0949-3F49-4E33-81F3-115D379DDF2D}"
EndProject
Project("{9A19103F-16F7-4668-BE54-9A1E7A4F7556}") = "Mix_SimpleWholeTextureMixingWithFactors", "Mix_SimpleWholeTextureMixingWithFactors\Mix_SimpleWholeTextureMixingWithFactors.csproj", "{7B473E05-C008-47D6-8295-CB14206F838D}"
EndProject
Project("{9A19103F-16F7-4668-BE54-9A1E7A4F7556}") = "Mix_UsingATextureForPerPixelMixing", "Mix_UsingATextureForPerPixelMixing\Mix_UsingATextureForPerPixelMixing.csproj", "{925BB947-E0C2-4FEE-80BE-9C873554EC02}"
EndProject
Project("{FAE04EC0-301F-11D3-BF4B-00C04F79EFBC}") = "Mesh_HelperExamples", "Mesh_HelperExamples\Mesh_HelperExamples.csproj", "{9B5FCCC8-FE03-4F0D-A423-8CC448BC72BC}"
EndProject
Project("{FAE04EC0-301F-11D3-BF4B-00C04F79EFBC}") = "Mesh_ManualChangingMesh", "Mesh_ManualChangingMesh\Mesh_ManualChangingMesh.csproj", "{A61303CC-2716-423E-A970-D34FC91BC5FB}"
EndProject
Global
	GlobalSection(SolutionConfigurationPlatforms) = preSolution
		Debug|Any CPU = Debug|Any CPU
		Debug|x64 = Debug|x64
		Debug|x86 = Debug|x86
		Release|Any CPU = Release|Any CPU
		Release|x64 = Release|x64
		Release|x86 = Release|x86
	EndGlobalSection
	GlobalSection(ProjectConfigurationPlatforms) = postSolution
		{C0B671D0-65F5-4CE6-985B-2FDE26064174}.Debug|Any CPU.ActiveCfg = Debug|Any CPU
		{C0B671D0-65F5-4CE6-985B-2FDE26064174}.Debug|Any CPU.Build.0 = Debug|Any CPU
		{C0B671D0-65F5-4CE6-985B-2FDE26064174}.Debug|x64.ActiveCfg = Debug|Any CPU
		{C0B671D0-65F5-4CE6-985B-2FDE26064174}.Debug|x64.Build.0 = Debug|Any CPU
		{C0B671D0-65F5-4CE6-985B-2FDE26064174}.Debug|x86.ActiveCfg = Debug|Any CPU
		{C0B671D0-65F5-4CE6-985B-2FDE26064174}.Debug|x86.Build.0 = Debug|Any CPU
		{C0B671D0-65F5-4CE6-985B-2FDE26064174}.Release|Any CPU.ActiveCfg = Release|Any CPU
		{C0B671D0-65F5-4CE6-985B-2FDE26064174}.Release|Any CPU.Build.0 = Release|Any CPU
		{C0B671D0-65F5-4CE6-985B-2FDE26064174}.Release|x64.ActiveCfg = Release|Any CPU
		{C0B671D0-65F5-4CE6-985B-2FDE26064174}.Release|x64.Build.0 = Release|Any CPU
		{C0B671D0-65F5-4CE6-985B-2FDE26064174}.Release|x86.ActiveCfg = Release|Any CPU
		{C0B671D0-65F5-4CE6-985B-2FDE26064174}.Release|x86.Build.0 = Release|Any CPU
		{D6DFDCE7-87A5-44BF-9755-C7BF63BA4A1B}.Debug|Any CPU.ActiveCfg = Debug|Any CPU
		{D6DFDCE7-87A5-44BF-9755-C7BF63BA4A1B}.Debug|Any CPU.Build.0 = Debug|Any CPU
		{D6DFDCE7-87A5-44BF-9755-C7BF63BA4A1B}.Debug|x64.ActiveCfg = Debug|Any CPU
		{D6DFDCE7-87A5-44BF-9755-C7BF63BA4A1B}.Debug|x64.Build.0 = Debug|Any CPU
		{D6DFDCE7-87A5-44BF-9755-C7BF63BA4A1B}.Debug|x86.ActiveCfg = Debug|Any CPU
		{D6DFDCE7-87A5-44BF-9755-C7BF63BA4A1B}.Debug|x86.Build.0 = Debug|Any CPU
		{D6DFDCE7-87A5-44BF-9755-C7BF63BA4A1B}.Release|Any CPU.ActiveCfg = Release|Any CPU
		{D6DFDCE7-87A5-44BF-9755-C7BF63BA4A1B}.Release|Any CPU.Build.0 = Release|Any CPU
		{D6DFDCE7-87A5-44BF-9755-C7BF63BA4A1B}.Release|x64.ActiveCfg = Release|Any CPU
		{D6DFDCE7-87A5-44BF-9755-C7BF63BA4A1B}.Release|x64.Build.0 = Release|Any CPU
		{D6DFDCE7-87A5-44BF-9755-C7BF63BA4A1B}.Release|x86.ActiveCfg = Release|Any CPU
		{D6DFDCE7-87A5-44BF-9755-C7BF63BA4A1B}.Release|x86.Build.0 = Release|Any CPU
		{FCCD6544-936C-41D2-B45D-8FE074AAFE35}.Debug|Any CPU.ActiveCfg = Debug|Any CPU
		{FCCD6544-936C-41D2-B45D-8FE074AAFE35}.Debug|Any CPU.Build.0 = Debug|Any CPU
		{FCCD6544-936C-41D2-B45D-8FE074AAFE35}.Debug|x64.ActiveCfg = Debug|Any CPU
		{FCCD6544-936C-41D2-B45D-8FE074AAFE35}.Debug|x64.Build.0 = Debug|Any CPU
		{FCCD6544-936C-41D2-B45D-8FE074AAFE35}.Debug|x86.ActiveCfg = Debug|Any CPU
		{FCCD6544-936C-41D2-B45D-8FE074AAFE35}.Debug|x86.Build.0 = Debug|Any CPU
		{FCCD6544-936C-41D2-B45D-8FE074AAFE35}.Release|Any CPU.ActiveCfg = Release|Any CPU
		{FCCD6544-936C-41D2-B45D-8FE074AAFE35}.Release|Any CPU.Build.0 = Release|Any CPU
		{FCCD6544-936C-41D2-B45D-8FE074AAFE35}.Release|x64.ActiveCfg = Release|Any CPU
		{FCCD6544-936C-41D2-B45D-8FE074AAFE35}.Release|x64.Build.0 = Release|Any CPU
		{FCCD6544-936C-41D2-B45D-8FE074AAFE35}.Release|x86.ActiveCfg = Release|Any CPU
		{FCCD6544-936C-41D2-B45D-8FE074AAFE35}.Release|x86.Build.0 = Release|Any CPU
		{3CD28EA2-45F9-4EB3-98AA-706ECD1CAEB5}.Debug|Any CPU.ActiveCfg = Debug|Any CPU
		{3CD28EA2-45F9-4EB3-98AA-706ECD1CAEB5}.Debug|Any CPU.Build.0 = Debug|Any CPU
		{3CD28EA2-45F9-4EB3-98AA-706ECD1CAEB5}.Debug|x64.ActiveCfg = Debug|Any CPU
		{3CD28EA2-45F9-4EB3-98AA-706ECD1CAEB5}.Debug|x64.Build.0 = Debug|Any CPU
		{3CD28EA2-45F9-4EB3-98AA-706ECD1CAEB5}.Debug|x86.ActiveCfg = Debug|Any CPU
		{3CD28EA2-45F9-4EB3-98AA-706ECD1CAEB5}.Debug|x86.Build.0 = Debug|Any CPU
		{3CD28EA2-45F9-4EB3-98AA-706ECD1CAEB5}.Release|Any CPU.ActiveCfg = Release|Any CPU
		{3CD28EA2-45F9-4EB3-98AA-706ECD1CAEB5}.Release|Any CPU.Build.0 = Release|Any CPU
		{3CD28EA2-45F9-4EB3-98AA-706ECD1CAEB5}.Release|x64.ActiveCfg = Release|Any CPU
		{3CD28EA2-45F9-4EB3-98AA-706ECD1CAEB5}.Release|x64.Build.0 = Release|Any CPU
		{3CD28EA2-45F9-4EB3-98AA-706ECD1CAEB5}.Release|x86.ActiveCfg = Release|Any CPU
		{3CD28EA2-45F9-4EB3-98AA-706ECD1CAEB5}.Release|x86.Build.0 = Release|Any CPU
		{0C889847-981F-4EA8-AC1B-4B3EF13D8212}.Debug|Any CPU.ActiveCfg = Debug|Any CPU
		{0C889847-981F-4EA8-AC1B-4B3EF13D8212}.Debug|Any CPU.Build.0 = Debug|Any CPU
		{0C889847-981F-4EA8-AC1B-4B3EF13D8212}.Debug|x64.ActiveCfg = Debug|Any CPU
		{0C889847-981F-4EA8-AC1B-4B3EF13D8212}.Debug|x64.Build.0 = Debug|Any CPU
		{0C889847-981F-4EA8-AC1B-4B3EF13D8212}.Debug|x86.ActiveCfg = Debug|Any CPU
		{0C889847-981F-4EA8-AC1B-4B3EF13D8212}.Debug|x86.Build.0 = Debug|Any CPU
		{0C889847-981F-4EA8-AC1B-4B3EF13D8212}.Release|Any CPU.ActiveCfg = Release|Any CPU
		{0C889847-981F-4EA8-AC1B-4B3EF13D8212}.Release|Any CPU.Build.0 = Release|Any CPU
		{0C889847-981F-4EA8-AC1B-4B3EF13D8212}.Release|x64.ActiveCfg = Release|Any CPU
		{0C889847-981F-4EA8-AC1B-4B3EF13D8212}.Release|x64.Build.0 = Release|Any CPU
		{0C889847-981F-4EA8-AC1B-4B3EF13D8212}.Release|x86.ActiveCfg = Release|Any CPU
		{0C889847-981F-4EA8-AC1B-4B3EF13D8212}.Release|x86.Build.0 = Release|Any CPU
		{EE87258E-6F26-46FC-A9AD-F6E2AF076B5E}.Debug|Any CPU.ActiveCfg = Debug|Any CPU
		{EE87258E-6F26-46FC-A9AD-F6E2AF076B5E}.Debug|Any CPU.Build.0 = Debug|Any CPU
		{EE87258E-6F26-46FC-A9AD-F6E2AF076B5E}.Debug|x64.ActiveCfg = Debug|Any CPU
		{EE87258E-6F26-46FC-A9AD-F6E2AF076B5E}.Debug|x64.Build.0 = Debug|Any CPU
		{EE87258E-6F26-46FC-A9AD-F6E2AF076B5E}.Debug|x86.ActiveCfg = Debug|Any CPU
		{EE87258E-6F26-46FC-A9AD-F6E2AF076B5E}.Debug|x86.Build.0 = Debug|Any CPU
		{EE87258E-6F26-46FC-A9AD-F6E2AF076B5E}.Release|Any CPU.ActiveCfg = Release|Any CPU
		{EE87258E-6F26-46FC-A9AD-F6E2AF076B5E}.Release|Any CPU.Build.0 = Release|Any CPU
		{EE87258E-6F26-46FC-A9AD-F6E2AF076B5E}.Release|x64.ActiveCfg = Release|Any CPU
		{EE87258E-6F26-46FC-A9AD-F6E2AF076B5E}.Release|x64.Build.0 = Release|Any CPU
		{EE87258E-6F26-46FC-A9AD-F6E2AF076B5E}.Release|x86.ActiveCfg = Release|Any CPU
		{EE87258E-6F26-46FC-A9AD-F6E2AF076B5E}.Release|x86.Build.0 = Release|Any CPU
		{452E816F-988E-4E54-A4C5-C43D6530B7CC}.Debug|Any CPU.ActiveCfg = Debug|Any CPU
		{452E816F-988E-4E54-A4C5-C43D6530B7CC}.Debug|Any CPU.Build.0 = Debug|Any CPU
		{452E816F-988E-4E54-A4C5-C43D6530B7CC}.Debug|x64.ActiveCfg = Debug|Any CPU
		{452E816F-988E-4E54-A4C5-C43D6530B7CC}.Debug|x64.Build.0 = Debug|Any CPU
		{452E816F-988E-4E54-A4C5-C43D6530B7CC}.Debug|x86.ActiveCfg = Debug|Any CPU
		{452E816F-988E-4E54-A4C5-C43D6530B7CC}.Debug|x86.Build.0 = Debug|Any CPU
		{452E816F-988E-4E54-A4C5-C43D6530B7CC}.Release|Any CPU.ActiveCfg = Release|Any CPU
		{452E816F-988E-4E54-A4C5-C43D6530B7CC}.Release|Any CPU.Build.0 = Release|Any CPU
		{452E816F-988E-4E54-A4C5-C43D6530B7CC}.Release|x64.ActiveCfg = Release|Any CPU
		{452E816F-988E-4E54-A4C5-C43D6530B7CC}.Release|x64.Build.0 = Release|Any CPU
		{452E816F-988E-4E54-A4C5-C43D6530B7CC}.Release|x86.ActiveCfg = Release|Any CPU
		{452E816F-988E-4E54-A4C5-C43D6530B7CC}.Release|x86.Build.0 = Release|Any CPU
		{30571A38-E956-447A-A389-B6D7DAA97797}.Debug|Any CPU.ActiveCfg = Debug|Any CPU
		{30571A38-E956-447A-A389-B6D7DAA97797}.Debug|Any CPU.Build.0 = Debug|Any CPU
		{30571A38-E956-447A-A389-B6D7DAA97797}.Debug|x64.ActiveCfg = Debug|Any CPU
		{30571A38-E956-447A-A389-B6D7DAA97797}.Debug|x64.Build.0 = Debug|Any CPU
		{30571A38-E956-447A-A389-B6D7DAA97797}.Debug|x86.ActiveCfg = Debug|Any CPU
		{30571A38-E956-447A-A389-B6D7DAA97797}.Debug|x86.Build.0 = Debug|Any CPU
		{30571A38-E956-447A-A389-B6D7DAA97797}.Release|Any CPU.ActiveCfg = Release|Any CPU
		{30571A38-E956-447A-A389-B6D7DAA97797}.Release|Any CPU.Build.0 = Release|Any CPU
		{30571A38-E956-447A-A389-B6D7DAA97797}.Release|x64.ActiveCfg = Release|Any CPU
		{30571A38-E956-447A-A389-B6D7DAA97797}.Release|x64.Build.0 = Release|Any CPU
		{30571A38-E956-447A-A389-B6D7DAA97797}.Release|x86.ActiveCfg = Release|Any CPU
		{30571A38-E956-447A-A389-B6D7DAA97797}.Release|x86.Build.0 = Release|Any CPU
		{71ECD7AD-A91C-4ABE-B04C-7D60EC258F95}.Debug|Any CPU.ActiveCfg = Debug|Any CPU
		{71ECD7AD-A91C-4ABE-B04C-7D60EC258F95}.Debug|Any CPU.Build.0 = Debug|Any CPU
		{71ECD7AD-A91C-4ABE-B04C-7D60EC258F95}.Debug|x64.ActiveCfg = Debug|Any CPU
		{71ECD7AD-A91C-4ABE-B04C-7D60EC258F95}.Debug|x64.Build.0 = Debug|Any CPU
		{71ECD7AD-A91C-4ABE-B04C-7D60EC258F95}.Debug|x86.ActiveCfg = Debug|Any CPU
		{71ECD7AD-A91C-4ABE-B04C-7D60EC258F95}.Debug|x86.Build.0 = Debug|Any CPU
		{71ECD7AD-A91C-4ABE-B04C-7D60EC258F95}.Release|Any CPU.ActiveCfg = Release|Any CPU
		{71ECD7AD-A91C-4ABE-B04C-7D60EC258F95}.Release|Any CPU.Build.0 = Release|Any CPU
		{71ECD7AD-A91C-4ABE-B04C-7D60EC258F95}.Release|x64.ActiveCfg = Release|Any CPU
		{71ECD7AD-A91C-4ABE-B04C-7D60EC258F95}.Release|x64.Build.0 = Release|Any CPU
		{71ECD7AD-A91C-4ABE-B04C-7D60EC258F95}.Release|x86.ActiveCfg = Release|Any CPU
		{71ECD7AD-A91C-4ABE-B04C-7D60EC258F95}.Release|x86.Build.0 = Release|Any CPU
		{BA90F35C-29EE-4DEE-A4DD-62CE4645277D}.Debug|Any CPU.ActiveCfg = Debug|Any CPU
		{BA90F35C-29EE-4DEE-A4DD-62CE4645277D}.Debug|Any CPU.Build.0 = Debug|Any CPU
		{BA90F35C-29EE-4DEE-A4DD-62CE4645277D}.Debug|x64.ActiveCfg = Debug|Any CPU
		{BA90F35C-29EE-4DEE-A4DD-62CE4645277D}.Debug|x64.Build.0 = Debug|Any CPU
		{BA90F35C-29EE-4DEE-A4DD-62CE4645277D}.Debug|x86.ActiveCfg = Debug|Any CPU
		{BA90F35C-29EE-4DEE-A4DD-62CE4645277D}.Debug|x86.Build.0 = Debug|Any CPU
		{BA90F35C-29EE-4DEE-A4DD-62CE4645277D}.Release|Any CPU.ActiveCfg = Release|Any CPU
		{BA90F35C-29EE-4DEE-A4DD-62CE4645277D}.Release|Any CPU.Build.0 = Release|Any CPU
		{BA90F35C-29EE-4DEE-A4DD-62CE4645277D}.Release|x64.ActiveCfg = Release|Any CPU
		{BA90F35C-29EE-4DEE-A4DD-62CE4645277D}.Release|x64.Build.0 = Release|Any CPU
		{BA90F35C-29EE-4DEE-A4DD-62CE4645277D}.Release|x86.ActiveCfg = Release|Any CPU
		{BA90F35C-29EE-4DEE-A4DD-62CE4645277D}.Release|x86.Build.0 = Release|Any CPU
		{BA805196-1C68-4D37-A1CC-5A6AD1894DD7}.Debug|Any CPU.ActiveCfg = Debug|Any CPU
		{BA805196-1C68-4D37-A1CC-5A6AD1894DD7}.Debug|Any CPU.Build.0 = Debug|Any CPU
		{BA805196-1C68-4D37-A1CC-5A6AD1894DD7}.Debug|x64.ActiveCfg = Debug|Any CPU
		{BA805196-1C68-4D37-A1CC-5A6AD1894DD7}.Debug|x64.Build.0 = Debug|Any CPU
		{BA805196-1C68-4D37-A1CC-5A6AD1894DD7}.Debug|x86.ActiveCfg = Debug|Any CPU
		{BA805196-1C68-4D37-A1CC-5A6AD1894DD7}.Debug|x86.Build.0 = Debug|Any CPU
		{BA805196-1C68-4D37-A1CC-5A6AD1894DD7}.Release|Any CPU.ActiveCfg = Release|Any CPU
		{BA805196-1C68-4D37-A1CC-5A6AD1894DD7}.Release|Any CPU.Build.0 = Release|Any CPU
		{BA805196-1C68-4D37-A1CC-5A6AD1894DD7}.Release|x64.ActiveCfg = Release|Any CPU
		{BA805196-1C68-4D37-A1CC-5A6AD1894DD7}.Release|x64.Build.0 = Release|Any CPU
		{BA805196-1C68-4D37-A1CC-5A6AD1894DD7}.Release|x86.ActiveCfg = Release|Any CPU
		{BA805196-1C68-4D37-A1CC-5A6AD1894DD7}.Release|x86.Build.0 = Release|Any CPU
		{07B937A5-47C1-4188-85F3-317EDCF91AAA}.Debug|Any CPU.ActiveCfg = Debug|Any CPU
		{07B937A5-47C1-4188-85F3-317EDCF91AAA}.Debug|Any CPU.Build.0 = Debug|Any CPU
		{07B937A5-47C1-4188-85F3-317EDCF91AAA}.Debug|x64.ActiveCfg = Debug|Any CPU
		{07B937A5-47C1-4188-85F3-317EDCF91AAA}.Debug|x64.Build.0 = Debug|Any CPU
		{07B937A5-47C1-4188-85F3-317EDCF91AAA}.Debug|x86.ActiveCfg = Debug|Any CPU
		{07B937A5-47C1-4188-85F3-317EDCF91AAA}.Debug|x86.Build.0 = Debug|Any CPU
		{07B937A5-47C1-4188-85F3-317EDCF91AAA}.Release|Any CPU.ActiveCfg = Release|Any CPU
		{07B937A5-47C1-4188-85F3-317EDCF91AAA}.Release|Any CPU.Build.0 = Release|Any CPU
		{07B937A5-47C1-4188-85F3-317EDCF91AAA}.Release|x64.ActiveCfg = Release|Any CPU
		{07B937A5-47C1-4188-85F3-317EDCF91AAA}.Release|x64.Build.0 = Release|Any CPU
		{07B937A5-47C1-4188-85F3-317EDCF91AAA}.Release|x86.ActiveCfg = Release|Any CPU
		{07B937A5-47C1-4188-85F3-317EDCF91AAA}.Release|x86.Build.0 = Release|Any CPU
		{CD722A4E-A65A-46EF-BC08-2F672A685DCE}.Debug|Any CPU.ActiveCfg = Debug|Any CPU
		{CD722A4E-A65A-46EF-BC08-2F672A685DCE}.Debug|Any CPU.Build.0 = Debug|Any CPU
		{CD722A4E-A65A-46EF-BC08-2F672A685DCE}.Debug|x64.ActiveCfg = Debug|Any CPU
		{CD722A4E-A65A-46EF-BC08-2F672A685DCE}.Debug|x64.Build.0 = Debug|Any CPU
		{CD722A4E-A65A-46EF-BC08-2F672A685DCE}.Debug|x86.ActiveCfg = Debug|Any CPU
		{CD722A4E-A65A-46EF-BC08-2F672A685DCE}.Debug|x86.Build.0 = Debug|Any CPU
		{CD722A4E-A65A-46EF-BC08-2F672A685DCE}.Release|Any CPU.ActiveCfg = Release|Any CPU
		{CD722A4E-A65A-46EF-BC08-2F672A685DCE}.Release|Any CPU.Build.0 = Release|Any CPU
		{CD722A4E-A65A-46EF-BC08-2F672A685DCE}.Release|x64.ActiveCfg = Release|Any CPU
		{CD722A4E-A65A-46EF-BC08-2F672A685DCE}.Release|x64.Build.0 = Release|Any CPU
		{CD722A4E-A65A-46EF-BC08-2F672A685DCE}.Release|x86.ActiveCfg = Release|Any CPU
		{CD722A4E-A65A-46EF-BC08-2F672A685DCE}.Release|x86.Build.0 = Release|Any CPU
		{153DA3EB-68D3-4525-BF0E-F5181D138593}.Debug|Any CPU.ActiveCfg = Debug|Any CPU
		{153DA3EB-68D3-4525-BF0E-F5181D138593}.Debug|Any CPU.Build.0 = Debug|Any CPU
		{153DA3EB-68D3-4525-BF0E-F5181D138593}.Debug|x64.ActiveCfg = Debug|Any CPU
		{153DA3EB-68D3-4525-BF0E-F5181D138593}.Debug|x64.Build.0 = Debug|Any CPU
		{153DA3EB-68D3-4525-BF0E-F5181D138593}.Debug|x86.ActiveCfg = Debug|Any CPU
		{153DA3EB-68D3-4525-BF0E-F5181D138593}.Debug|x86.Build.0 = Debug|Any CPU
		{153DA3EB-68D3-4525-BF0E-F5181D138593}.Release|Any CPU.ActiveCfg = Release|Any CPU
		{153DA3EB-68D3-4525-BF0E-F5181D138593}.Release|Any CPU.Build.0 = Release|Any CPU
		{153DA3EB-68D3-4525-BF0E-F5181D138593}.Release|x64.ActiveCfg = Release|Any CPU
		{153DA3EB-68D3-4525-BF0E-F5181D138593}.Release|x64.Build.0 = Release|Any CPU
		{153DA3EB-68D3-4525-BF0E-F5181D138593}.Release|x86.ActiveCfg = Release|Any CPU
		{153DA3EB-68D3-4525-BF0E-F5181D138593}.Release|x86.Build.0 = Release|Any CPU
		{73C6AFDC-5BEC-40A8-98F5-0A4E2B884B97}.Debug|Any CPU.ActiveCfg = Debug|Any CPU
		{73C6AFDC-5BEC-40A8-98F5-0A4E2B884B97}.Debug|Any CPU.Build.0 = Debug|Any CPU
		{73C6AFDC-5BEC-40A8-98F5-0A4E2B884B97}.Debug|x64.ActiveCfg = Debug|Any CPU
		{73C6AFDC-5BEC-40A8-98F5-0A4E2B884B97}.Debug|x64.Build.0 = Debug|Any CPU
		{73C6AFDC-5BEC-40A8-98F5-0A4E2B884B97}.Debug|x86.ActiveCfg = Debug|Any CPU
		{73C6AFDC-5BEC-40A8-98F5-0A4E2B884B97}.Debug|x86.Build.0 = Debug|Any CPU
		{73C6AFDC-5BEC-40A8-98F5-0A4E2B884B97}.Release|Any CPU.ActiveCfg = Release|Any CPU
		{73C6AFDC-5BEC-40A8-98F5-0A4E2B884B97}.Release|Any CPU.Build.0 = Release|Any CPU
		{73C6AFDC-5BEC-40A8-98F5-0A4E2B884B97}.Release|x64.ActiveCfg = Release|Any CPU
		{73C6AFDC-5BEC-40A8-98F5-0A4E2B884B97}.Release|x64.Build.0 = Release|Any CPU
		{73C6AFDC-5BEC-40A8-98F5-0A4E2B884B97}.Release|x86.ActiveCfg = Release|Any CPU
		{73C6AFDC-5BEC-40A8-98F5-0A4E2B884B97}.Release|x86.Build.0 = Release|Any CPU
		{BFAEF29B-20D0-4D23-89FD-3150AEE46374}.Debug|Any CPU.ActiveCfg = Debug|Any CPU
		{BFAEF29B-20D0-4D23-89FD-3150AEE46374}.Debug|Any CPU.Build.0 = Debug|Any CPU
		{BFAEF29B-20D0-4D23-89FD-3150AEE46374}.Debug|x64.ActiveCfg = Debug|Any CPU
		{BFAEF29B-20D0-4D23-89FD-3150AEE46374}.Debug|x64.Build.0 = Debug|Any CPU
		{BFAEF29B-20D0-4D23-89FD-3150AEE46374}.Debug|x86.ActiveCfg = Debug|Any CPU
		{BFAEF29B-20D0-4D23-89FD-3150AEE46374}.Debug|x86.Build.0 = Debug|Any CPU
		{BFAEF29B-20D0-4D23-89FD-3150AEE46374}.Release|Any CPU.ActiveCfg = Release|Any CPU
		{BFAEF29B-20D0-4D23-89FD-3150AEE46374}.Release|Any CPU.Build.0 = Release|Any CPU
		{BFAEF29B-20D0-4D23-89FD-3150AEE46374}.Release|x64.ActiveCfg = Release|Any CPU
		{BFAEF29B-20D0-4D23-89FD-3150AEE46374}.Release|x64.Build.0 = Release|Any CPU
		{BFAEF29B-20D0-4D23-89FD-3150AEE46374}.Release|x86.ActiveCfg = Release|Any CPU
		{BFAEF29B-20D0-4D23-89FD-3150AEE46374}.Release|x86.Build.0 = Release|Any CPU
		{4E0F0F22-016B-4C05-AE31-117B0372736A}.Debug|Any CPU.ActiveCfg = Debug|Any CPU
		{4E0F0F22-016B-4C05-AE31-117B0372736A}.Debug|Any CPU.Build.0 = Debug|Any CPU
		{4E0F0F22-016B-4C05-AE31-117B0372736A}.Debug|x64.ActiveCfg = Debug|Any CPU
		{4E0F0F22-016B-4C05-AE31-117B0372736A}.Debug|x64.Build.0 = Debug|Any CPU
		{4E0F0F22-016B-4C05-AE31-117B0372736A}.Debug|x86.ActiveCfg = Debug|Any CPU
		{4E0F0F22-016B-4C05-AE31-117B0372736A}.Debug|x86.Build.0 = Debug|Any CPU
		{4E0F0F22-016B-4C05-AE31-117B0372736A}.Release|Any CPU.ActiveCfg = Release|Any CPU
		{4E0F0F22-016B-4C05-AE31-117B0372736A}.Release|Any CPU.Build.0 = Release|Any CPU
		{4E0F0F22-016B-4C05-AE31-117B0372736A}.Release|x64.ActiveCfg = Release|Any CPU
		{4E0F0F22-016B-4C05-AE31-117B0372736A}.Release|x64.Build.0 = Release|Any CPU
		{4E0F0F22-016B-4C05-AE31-117B0372736A}.Release|x86.ActiveCfg = Release|Any CPU
		{4E0F0F22-016B-4C05-AE31-117B0372736A}.Release|x86.Build.0 = Release|Any CPU
		{88468215-15A9-4852-AFB4-0176C9B9AA32}.Debug|Any CPU.ActiveCfg = Debug|Any CPU
		{88468215-15A9-4852-AFB4-0176C9B9AA32}.Debug|Any CPU.Build.0 = Debug|Any CPU
		{88468215-15A9-4852-AFB4-0176C9B9AA32}.Debug|x64.ActiveCfg = Debug|Any CPU
		{88468215-15A9-4852-AFB4-0176C9B9AA32}.Debug|x64.Build.0 = Debug|Any CPU
		{88468215-15A9-4852-AFB4-0176C9B9AA32}.Debug|x86.ActiveCfg = Debug|Any CPU
		{88468215-15A9-4852-AFB4-0176C9B9AA32}.Debug|x86.Build.0 = Debug|Any CPU
		{88468215-15A9-4852-AFB4-0176C9B9AA32}.Release|Any CPU.ActiveCfg = Release|Any CPU
		{88468215-15A9-4852-AFB4-0176C9B9AA32}.Release|Any CPU.Build.0 = Release|Any CPU
		{88468215-15A9-4852-AFB4-0176C9B9AA32}.Release|x64.ActiveCfg = Release|Any CPU
		{88468215-15A9-4852-AFB4-0176C9B9AA32}.Release|x64.Build.0 = Release|Any CPU
		{88468215-15A9-4852-AFB4-0176C9B9AA32}.Release|x86.ActiveCfg = Release|Any CPU
		{88468215-15A9-4852-AFB4-0176C9B9AA32}.Release|x86.Build.0 = Release|Any CPU
		{755C8CDA-2C97-478F-B495-F048CE5615C9}.Debug|Any CPU.ActiveCfg = Debug|Any CPU
		{755C8CDA-2C97-478F-B495-F048CE5615C9}.Debug|Any CPU.Build.0 = Debug|Any CPU
		{755C8CDA-2C97-478F-B495-F048CE5615C9}.Debug|x64.ActiveCfg = Debug|Any CPU
		{755C8CDA-2C97-478F-B495-F048CE5615C9}.Debug|x64.Build.0 = Debug|Any CPU
		{755C8CDA-2C97-478F-B495-F048CE5615C9}.Debug|x86.ActiveCfg = Debug|Any CPU
		{755C8CDA-2C97-478F-B495-F048CE5615C9}.Debug|x86.Build.0 = Debug|Any CPU
		{755C8CDA-2C97-478F-B495-F048CE5615C9}.Release|Any CPU.ActiveCfg = Release|Any CPU
		{755C8CDA-2C97-478F-B495-F048CE5615C9}.Release|Any CPU.Build.0 = Release|Any CPU
		{755C8CDA-2C97-478F-B495-F048CE5615C9}.Release|x64.ActiveCfg = Release|Any CPU
		{755C8CDA-2C97-478F-B495-F048CE5615C9}.Release|x64.Build.0 = Release|Any CPU
		{755C8CDA-2C97-478F-B495-F048CE5615C9}.Release|x86.ActiveCfg = Release|Any CPU
		{755C8CDA-2C97-478F-B495-F048CE5615C9}.Release|x86.Build.0 = Release|Any CPU
		{1447B4EC-76A9-424C-8A6F-B40AC206FC9D}.Debug|Any CPU.ActiveCfg = Debug|Any CPU
		{1447B4EC-76A9-424C-8A6F-B40AC206FC9D}.Debug|Any CPU.Build.0 = Debug|Any CPU
		{1447B4EC-76A9-424C-8A6F-B40AC206FC9D}.Debug|x64.ActiveCfg = Debug|Any CPU
		{1447B4EC-76A9-424C-8A6F-B40AC206FC9D}.Debug|x64.Build.0 = Debug|Any CPU
		{1447B4EC-76A9-424C-8A6F-B40AC206FC9D}.Debug|x86.ActiveCfg = Debug|Any CPU
		{1447B4EC-76A9-424C-8A6F-B40AC206FC9D}.Debug|x86.Build.0 = Debug|Any CPU
		{1447B4EC-76A9-424C-8A6F-B40AC206FC9D}.Release|Any CPU.ActiveCfg = Release|Any CPU
		{1447B4EC-76A9-424C-8A6F-B40AC206FC9D}.Release|Any CPU.Build.0 = Release|Any CPU
		{1447B4EC-76A9-424C-8A6F-B40AC206FC9D}.Release|x64.ActiveCfg = Release|Any CPU
		{1447B4EC-76A9-424C-8A6F-B40AC206FC9D}.Release|x64.Build.0 = Release|Any CPU
		{1447B4EC-76A9-424C-8A6F-B40AC206FC9D}.Release|x86.ActiveCfg = Release|Any CPU
		{1447B4EC-76A9-424C-8A6F-B40AC206FC9D}.Release|x86.Build.0 = Release|Any CPU
		{FA9B9487-FB7E-4734-ADC1-552C8D24CDD8}.Debug|Any CPU.ActiveCfg = Debug|Any CPU
		{FA9B9487-FB7E-4734-ADC1-552C8D24CDD8}.Debug|Any CPU.Build.0 = Debug|Any CPU
		{FA9B9487-FB7E-4734-ADC1-552C8D24CDD8}.Debug|x64.ActiveCfg = Debug|Any CPU
		{FA9B9487-FB7E-4734-ADC1-552C8D24CDD8}.Debug|x64.Build.0 = Debug|Any CPU
		{FA9B9487-FB7E-4734-ADC1-552C8D24CDD8}.Debug|x86.ActiveCfg = Debug|Any CPU
		{FA9B9487-FB7E-4734-ADC1-552C8D24CDD8}.Debug|x86.Build.0 = Debug|Any CPU
		{FA9B9487-FB7E-4734-ADC1-552C8D24CDD8}.Release|Any CPU.ActiveCfg = Release|Any CPU
		{FA9B9487-FB7E-4734-ADC1-552C8D24CDD8}.Release|Any CPU.Build.0 = Release|Any CPU
		{FA9B9487-FB7E-4734-ADC1-552C8D24CDD8}.Release|x64.ActiveCfg = Release|Any CPU
		{FA9B9487-FB7E-4734-ADC1-552C8D24CDD8}.Release|x64.Build.0 = Release|Any CPU
		{FA9B9487-FB7E-4734-ADC1-552C8D24CDD8}.Release|x86.ActiveCfg = Release|Any CPU
		{FA9B9487-FB7E-4734-ADC1-552C8D24CDD8}.Release|x86.Build.0 = Release|Any CPU
		{74761AFE-1CAB-4838-8396-3815FB69FEC1}.Debug|Any CPU.ActiveCfg = Debug|Any CPU
		{74761AFE-1CAB-4838-8396-3815FB69FEC1}.Debug|Any CPU.Build.0 = Debug|Any CPU
		{74761AFE-1CAB-4838-8396-3815FB69FEC1}.Debug|x64.ActiveCfg = Debug|Any CPU
		{74761AFE-1CAB-4838-8396-3815FB69FEC1}.Debug|x64.Build.0 = Debug|Any CPU
		{74761AFE-1CAB-4838-8396-3815FB69FEC1}.Debug|x86.ActiveCfg = Debug|Any CPU
		{74761AFE-1CAB-4838-8396-3815FB69FEC1}.Debug|x86.Build.0 = Debug|Any CPU
		{74761AFE-1CAB-4838-8396-3815FB69FEC1}.Release|Any CPU.ActiveCfg = Release|Any CPU
		{74761AFE-1CAB-4838-8396-3815FB69FEC1}.Release|Any CPU.Build.0 = Release|Any CPU
		{74761AFE-1CAB-4838-8396-3815FB69FEC1}.Release|x64.ActiveCfg = Release|Any CPU
		{74761AFE-1CAB-4838-8396-3815FB69FEC1}.Release|x64.Build.0 = Release|Any CPU
		{74761AFE-1CAB-4838-8396-3815FB69FEC1}.Release|x86.ActiveCfg = Release|Any CPU
		{74761AFE-1CAB-4838-8396-3815FB69FEC1}.Release|x86.Build.0 = Release|Any CPU
		{86CDE244-53BF-478F-A184-DA5995F44823}.Debug|Any CPU.ActiveCfg = Debug|Any CPU
		{86CDE244-53BF-478F-A184-DA5995F44823}.Debug|Any CPU.Build.0 = Debug|Any CPU
		{86CDE244-53BF-478F-A184-DA5995F44823}.Debug|x64.ActiveCfg = Debug|Any CPU
		{86CDE244-53BF-478F-A184-DA5995F44823}.Debug|x64.Build.0 = Debug|Any CPU
		{86CDE244-53BF-478F-A184-DA5995F44823}.Debug|x86.ActiveCfg = Debug|Any CPU
		{86CDE244-53BF-478F-A184-DA5995F44823}.Debug|x86.Build.0 = Debug|Any CPU
		{86CDE244-53BF-478F-A184-DA5995F44823}.Release|Any CPU.ActiveCfg = Release|Any CPU
		{86CDE244-53BF-478F-A184-DA5995F44823}.Release|Any CPU.Build.0 = Release|Any CPU
		{86CDE244-53BF-478F-A184-DA5995F44823}.Release|x64.ActiveCfg = Release|Any CPU
		{86CDE244-53BF-478F-A184-DA5995F44823}.Release|x64.Build.0 = Release|Any CPU
		{86CDE244-53BF-478F-A184-DA5995F44823}.Release|x86.ActiveCfg = Release|Any CPU
		{86CDE244-53BF-478F-A184-DA5995F44823}.Release|x86.Build.0 = Release|Any CPU
		{E8F1CF8A-EA51-4440-BFDF-76449C48AC2B}.Debug|Any CPU.ActiveCfg = Debug|Any CPU
		{E8F1CF8A-EA51-4440-BFDF-76449C48AC2B}.Debug|Any CPU.Build.0 = Debug|Any CPU
		{E8F1CF8A-EA51-4440-BFDF-76449C48AC2B}.Debug|x64.ActiveCfg = Debug|Any CPU
		{E8F1CF8A-EA51-4440-BFDF-76449C48AC2B}.Debug|x64.Build.0 = Debug|Any CPU
		{E8F1CF8A-EA51-4440-BFDF-76449C48AC2B}.Debug|x86.ActiveCfg = Debug|Any CPU
		{E8F1CF8A-EA51-4440-BFDF-76449C48AC2B}.Debug|x86.Build.0 = Debug|Any CPU
		{E8F1CF8A-EA51-4440-BFDF-76449C48AC2B}.Release|Any CPU.ActiveCfg = Release|Any CPU
		{E8F1CF8A-EA51-4440-BFDF-76449C48AC2B}.Release|Any CPU.Build.0 = Release|Any CPU
		{E8F1CF8A-EA51-4440-BFDF-76449C48AC2B}.Release|x64.ActiveCfg = Release|Any CPU
		{E8F1CF8A-EA51-4440-BFDF-76449C48AC2B}.Release|x64.Build.0 = Release|Any CPU
		{E8F1CF8A-EA51-4440-BFDF-76449C48AC2B}.Release|x86.ActiveCfg = Release|Any CPU
		{E8F1CF8A-EA51-4440-BFDF-76449C48AC2B}.Release|x86.Build.0 = Release|Any CPU
		{7A7555B2-D8A3-44BB-AD00-B12037DFB89F}.Debug|Any CPU.ActiveCfg = Debug|Any CPU
		{7A7555B2-D8A3-44BB-AD00-B12037DFB89F}.Debug|Any CPU.Build.0 = Debug|Any CPU
		{7A7555B2-D8A3-44BB-AD00-B12037DFB89F}.Debug|x64.ActiveCfg = Debug|Any CPU
		{7A7555B2-D8A3-44BB-AD00-B12037DFB89F}.Debug|x64.Build.0 = Debug|Any CPU
		{7A7555B2-D8A3-44BB-AD00-B12037DFB89F}.Debug|x86.ActiveCfg = Debug|Any CPU
		{7A7555B2-D8A3-44BB-AD00-B12037DFB89F}.Debug|x86.Build.0 = Debug|Any CPU
		{7A7555B2-D8A3-44BB-AD00-B12037DFB89F}.Release|Any CPU.ActiveCfg = Release|Any CPU
		{7A7555B2-D8A3-44BB-AD00-B12037DFB89F}.Release|Any CPU.Build.0 = Release|Any CPU
		{7A7555B2-D8A3-44BB-AD00-B12037DFB89F}.Release|x64.ActiveCfg = Release|Any CPU
		{7A7555B2-D8A3-44BB-AD00-B12037DFB89F}.Release|x64.Build.0 = Release|Any CPU
		{7A7555B2-D8A3-44BB-AD00-B12037DFB89F}.Release|x86.ActiveCfg = Release|Any CPU
		{7A7555B2-D8A3-44BB-AD00-B12037DFB89F}.Release|x86.Build.0 = Release|Any CPU
		{527867F1-BB61-41F7-A74F-0C7B98F351F8}.Debug|Any CPU.ActiveCfg = Debug|Any CPU
		{527867F1-BB61-41F7-A74F-0C7B98F351F8}.Debug|Any CPU.Build.0 = Debug|Any CPU
		{527867F1-BB61-41F7-A74F-0C7B98F351F8}.Debug|x64.ActiveCfg = Debug|Any CPU
		{527867F1-BB61-41F7-A74F-0C7B98F351F8}.Debug|x64.Build.0 = Debug|Any CPU
		{527867F1-BB61-41F7-A74F-0C7B98F351F8}.Debug|x86.ActiveCfg = Debug|Any CPU
		{527867F1-BB61-41F7-A74F-0C7B98F351F8}.Debug|x86.Build.0 = Debug|Any CPU
		{527867F1-BB61-41F7-A74F-0C7B98F351F8}.Release|Any CPU.ActiveCfg = Release|Any CPU
		{527867F1-BB61-41F7-A74F-0C7B98F351F8}.Release|Any CPU.Build.0 = Release|Any CPU
		{527867F1-BB61-41F7-A74F-0C7B98F351F8}.Release|x64.ActiveCfg = Release|Any CPU
		{527867F1-BB61-41F7-A74F-0C7B98F351F8}.Release|x64.Build.0 = Release|Any CPU
		{527867F1-BB61-41F7-A74F-0C7B98F351F8}.Release|x86.ActiveCfg = Release|Any CPU
		{527867F1-BB61-41F7-A74F-0C7B98F351F8}.Release|x86.Build.0 = Release|Any CPU
		{198E0949-3F49-4E33-81F3-115D379DDF2D}.Debug|Any CPU.ActiveCfg = Debug|Any CPU
		{198E0949-3F49-4E33-81F3-115D379DDF2D}.Debug|Any CPU.Build.0 = Debug|Any CPU
		{198E0949-3F49-4E33-81F3-115D379DDF2D}.Debug|x64.ActiveCfg = Debug|Any CPU
		{198E0949-3F49-4E33-81F3-115D379DDF2D}.Debug|x64.Build.0 = Debug|Any CPU
		{198E0949-3F49-4E33-81F3-115D379DDF2D}.Debug|x86.ActiveCfg = Debug|Any CPU
		{198E0949-3F49-4E33-81F3-115D379DDF2D}.Debug|x86.Build.0 = Debug|Any CPU
		{198E0949-3F49-4E33-81F3-115D379DDF2D}.Release|Any CPU.ActiveCfg = Release|Any CPU
		{198E0949-3F49-4E33-81F3-115D379DDF2D}.Release|Any CPU.Build.0 = Release|Any CPU
		{198E0949-3F49-4E33-81F3-115D379DDF2D}.Release|x64.ActiveCfg = Release|Any CPU
		{198E0949-3F49-4E33-81F3-115D379DDF2D}.Release|x64.Build.0 = Release|Any CPU
		{198E0949-3F49-4E33-81F3-115D379DDF2D}.Release|x86.ActiveCfg = Release|Any CPU
		{198E0949-3F49-4E33-81F3-115D379DDF2D}.Release|x86.Build.0 = Release|Any CPU
		{7B473E05-C008-47D6-8295-CB14206F838D}.Debug|Any CPU.ActiveCfg = Debug|Any CPU
		{7B473E05-C008-47D6-8295-CB14206F838D}.Debug|Any CPU.Build.0 = Debug|Any CPU
		{7B473E05-C008-47D6-8295-CB14206F838D}.Debug|x64.ActiveCfg = Debug|Any CPU
		{7B473E05-C008-47D6-8295-CB14206F838D}.Debug|x64.Build.0 = Debug|Any CPU
		{7B473E05-C008-47D6-8295-CB14206F838D}.Debug|x86.ActiveCfg = Debug|Any CPU
		{7B473E05-C008-47D6-8295-CB14206F838D}.Debug|x86.Build.0 = Debug|Any CPU
		{7B473E05-C008-47D6-8295-CB14206F838D}.Release|Any CPU.ActiveCfg = Release|Any CPU
		{7B473E05-C008-47D6-8295-CB14206F838D}.Release|Any CPU.Build.0 = Release|Any CPU
		{7B473E05-C008-47D6-8295-CB14206F838D}.Release|x64.ActiveCfg = Release|Any CPU
		{7B473E05-C008-47D6-8295-CB14206F838D}.Release|x64.Build.0 = Release|Any CPU
		{7B473E05-C008-47D6-8295-CB14206F838D}.Release|x86.ActiveCfg = Release|Any CPU
		{7B473E05-C008-47D6-8295-CB14206F838D}.Release|x86.Build.0 = Release|Any CPU
		{925BB947-E0C2-4FEE-80BE-9C873554EC02}.Debug|Any CPU.ActiveCfg = Debug|Any CPU
		{925BB947-E0C2-4FEE-80BE-9C873554EC02}.Debug|Any CPU.Build.0 = Debug|Any CPU
		{925BB947-E0C2-4FEE-80BE-9C873554EC02}.Debug|x64.ActiveCfg = Debug|Any CPU
		{925BB947-E0C2-4FEE-80BE-9C873554EC02}.Debug|x64.Build.0 = Debug|Any CPU
		{925BB947-E0C2-4FEE-80BE-9C873554EC02}.Debug|x86.ActiveCfg = Debug|Any CPU
		{925BB947-E0C2-4FEE-80BE-9C873554EC02}.Debug|x86.Build.0 = Debug|Any CPU
		{925BB947-E0C2-4FEE-80BE-9C873554EC02}.Release|Any CPU.ActiveCfg = Release|Any CPU
		{925BB947-E0C2-4FEE-80BE-9C873554EC02}.Release|Any CPU.Build.0 = Release|Any CPU
		{925BB947-E0C2-4FEE-80BE-9C873554EC02}.Release|x64.ActiveCfg = Release|Any CPU
		{925BB947-E0C2-4FEE-80BE-9C873554EC02}.Release|x64.Build.0 = Release|Any CPU
		{925BB947-E0C2-4FEE-80BE-9C873554EC02}.Release|x86.ActiveCfg = Release|Any CPU
		{925BB947-E0C2-4FEE-80BE-9C873554EC02}.Release|x86.Build.0 = Release|Any CPU
		{9B5FCCC8-FE03-4F0D-A423-8CC448BC72BC}.Debug|Any CPU.ActiveCfg = Debug|Any CPU
		{9B5FCCC8-FE03-4F0D-A423-8CC448BC72BC}.Debug|Any CPU.Build.0 = Debug|Any CPU
		{9B5FCCC8-FE03-4F0D-A423-8CC448BC72BC}.Debug|x64.ActiveCfg = Debug|Any CPU
		{9B5FCCC8-FE03-4F0D-A423-8CC448BC72BC}.Debug|x64.Build.0 = Debug|Any CPU
		{9B5FCCC8-FE03-4F0D-A423-8CC448BC72BC}.Debug|x86.ActiveCfg = Debug|Any CPU
		{9B5FCCC8-FE03-4F0D-A423-8CC448BC72BC}.Debug|x86.Build.0 = Debug|Any CPU
		{9B5FCCC8-FE03-4F0D-A423-8CC448BC72BC}.Release|Any CPU.ActiveCfg = Release|Any CPU
		{9B5FCCC8-FE03-4F0D-A423-8CC448BC72BC}.Release|Any CPU.Build.0 = Release|Any CPU
		{9B5FCCC8-FE03-4F0D-A423-8CC448BC72BC}.Release|x64.ActiveCfg = Release|Any CPU
		{9B5FCCC8-FE03-4F0D-A423-8CC448BC72BC}.Release|x64.Build.0 = Release|Any CPU
		{9B5FCCC8-FE03-4F0D-A423-8CC448BC72BC}.Release|x86.ActiveCfg = Release|Any CPU
		{9B5FCCC8-FE03-4F0D-A423-8CC448BC72BC}.Release|x86.Build.0 = Release|Any CPU
		{A61303CC-2716-423E-A970-D34FC91BC5FB}.Debug|Any CPU.ActiveCfg = Debug|Any CPU
		{A61303CC-2716-423E-A970-D34FC91BC5FB}.Debug|Any CPU.Build.0 = Debug|Any CPU
		{A61303CC-2716-423E-A970-D34FC91BC5FB}.Debug|x64.ActiveCfg = Debug|Any CPU
		{A61303CC-2716-423E-A970-D34FC91BC5FB}.Debug|x64.Build.0 = Debug|Any CPU
		{A61303CC-2716-423E-A970-D34FC91BC5FB}.Debug|x86.ActiveCfg = Debug|Any CPU
		{A61303CC-2716-423E-A970-D34FC91BC5FB}.Debug|x86.Build.0 = Debug|Any CPU
		{A61303CC-2716-423E-A970-D34FC91BC5FB}.Release|Any CPU.ActiveCfg = Release|Any CPU
		{A61303CC-2716-423E-A970-D34FC91BC5FB}.Release|Any CPU.Build.0 = Release|Any CPU
		{A61303CC-2716-423E-A970-D34FC91BC5FB}.Release|x64.ActiveCfg = Release|Any CPU
		{A61303CC-2716-423E-A970-D34FC91BC5FB}.Release|x64.Build.0 = Release|Any CPU
		{A61303CC-2716-423E-A970-D34FC91BC5FB}.Release|x86.ActiveCfg = Release|Any CPU
		{A61303CC-2716-423E-A970-D34FC91BC5FB}.Release|x86.Build.0 = Release|Any CPU
	EndGlobalSection
	GlobalSection(SolutionProperties) = preSolution
		HideSolutionNode = FALSE
	EndGlobalSection
	GlobalSection(ExtensibilityGlobals) = postSolution
		SolutionGuid = {FF085008-5F7E-4970-A43E-661EDCE2D3AE}
	EndGlobalSection
EndGlobal
